// !$*UTF8*$!
{
	archiveVersion = 1;
	classes = {
	};
	objectVersion = 46;
	objects = {

/* Begin PBXBuildFile section */
		112D32ED1D9CADC900CDB70C /* PGH5JsController.m in Sources */ = {isa = PBXBuildFile; fileRef = 112D32EC1D9CADC900CDB70C /* PGH5JsController.m */; };
		1134A3E21D9225C00030B728 /* main.m in Sources */ = {isa = PBXBuildFile; fileRef = 1134A3E11D9225C00030B728 /* main.m */; };
		1134A3E51D9225C00030B728 /* AppDelegate.m in Sources */ = {isa = PBXBuildFile; fileRef = 1134A3E41D9225C00030B728 /* AppDelegate.m */; };
		1134A3E81D9225C00030B728 /* ViewController.m in Sources */ = {isa = PBXBuildFile; fileRef = 1134A3E71D9225C00030B728 /* ViewController.m */; };
		1134A3EB1D9225C00030B728 /* Main.storyboard in Resources */ = {isa = PBXBuildFile; fileRef = 1134A3E91D9225C00030B728 /* Main.storyboard */; };
		1134A3ED1D9225C00030B728 /* Assets.xcassets in Resources */ = {isa = PBXBuildFile; fileRef = 1134A3EC1D9225C00030B728 /* Assets.xcassets */; };
		1134A3F01D9225C00030B728 /* LaunchScreen.storyboard in Resources */ = {isa = PBXBuildFile; fileRef = 1134A3EE1D9225C00030B728 /* LaunchScreen.storyboard */; };
		1134A4281D922C7A0030B728 /* PGBaseController.m in Sources */ = {isa = PBXBuildFile; fileRef = 1134A4271D922C7A0030B728 /* PGBaseController.m */; };
		1134A42B1D922EA50030B728 /* PGNavigationController.m in Sources */ = {isa = PBXBuildFile; fileRef = 1134A42A1D922EA50030B728 /* PGNavigationController.m */; };
		1134A42F1D9236090030B728 /* UIAlertView+action.m in Sources */ = {isa = PBXBuildFile; fileRef = 1134A42E1D9236090030B728 /* UIAlertView+action.m */; };
		1134A4321D92528E0030B728 /* PGApp.m in Sources */ = {isa = PBXBuildFile; fileRef = 1134A4311D92528E0030B728 /* PGApp.m */; };
		1134A4381D9266B70030B728 /* UIImage+PGImage.m in Sources */ = {isa = PBXBuildFile; fileRef = 1134A4371D9266B70030B728 /* UIImage+PGImage.m */; };
		1134A43E1D926D100030B728 /* PGHomeController.m in Sources */ = {isa = PBXBuildFile; fileRef = 1134A43D1D926D100030B728 /* PGHomeController.m */; };
		1134A4411D9271770030B728 /* PGUIKitUtil.m in Sources */ = {isa = PBXBuildFile; fileRef = 1134A4401D9271770030B728 /* PGUIKitUtil.m */; };
		1134A4451D9285C10030B728 /* PGWaitingView.m in Sources */ = {isa = PBXBuildFile; fileRef = 1134A4441D9285C10030B728 /* PGWaitingView.m */; };
		1134A4481D9286180030B728 /* PGCustomWaitingView.m in Sources */ = {isa = PBXBuildFile; fileRef = 1134A4471D9286180030B728 /* PGCustomWaitingView.m */; };
		1134A44B1D92863F0030B728 /* PGRotaionWaitingView.m in Sources */ = {isa = PBXBuildFile; fileRef = 1134A44A1D92863F0030B728 /* PGRotaionWaitingView.m */; };
		1134A44F1D928FE50030B728 /* icon_return@3x.png in Resources */ = {isa = PBXBuildFile; fileRef = 1134A44C1D928FE50030B728 /* icon_return@3x.png */; };
		1134A4501D928FE50030B728 /* loading_logo@3x.png in Resources */ = {isa = PBXBuildFile; fileRef = 1134A44D1D928FE50030B728 /* loading_logo@3x.png */; };
		1134A4511D928FE50030B728 /* loading_round@3x.png in Resources */ = {isa = PBXBuildFile; fileRef = 1134A44E1D928FE50030B728 /* loading_round@3x.png */; };
		1190D29F1D9B691B00F4DFB4 /* PGApnsManager.m in Sources */ = {isa = PBXBuildFile; fileRef = 1190D29E1D9B691B00F4DFB4 /* PGApnsManager.m */; };
		1190D2A21D9B6AAB00F4DFB4 /* PGMessageObject.m in Sources */ = {isa = PBXBuildFile; fileRef = 1190D2A11D9B6AAB00F4DFB4 /* PGMessageObject.m */; };
		1190D2A51D9B92F900F4DFB4 /* UIViewController+message.m in Sources */ = {isa = PBXBuildFile; fileRef = 1190D2A41D9B92F900F4DFB4 /* UIViewController+message.m */; };
		1190D2A81D9B9AAA00F4DFB4 /* PGWebBaseController.m in Sources */ = {isa = PBXBuildFile; fileRef = 1190D2A71D9B9AAA00F4DFB4 /* PGWebBaseController.m */; };
		1190D2AC1D9B9CEC00F4DFB4 /* PGJSBaseController.m in Sources */ = {isa = PBXBuildFile; fileRef = 1190D2AB1D9B9CEC00F4DFB4 /* PGJSBaseController.m */; };
		1190D2AF1D9B9D3700F4DFB4 /* PGJSObject.m in Sources */ = {isa = PBXBuildFile; fileRef = 1190D2AE1D9B9D3700F4DFB4 /* PGJSObject.m */; };
		1198C6381D979E420084F84D /* PGPayController.m in Sources */ = {isa = PBXBuildFile; fileRef = 1198C6371D979E420084F84D /* PGPayController.m */; };
		1198C63B1D979EFC0084F84D /* PGOrderDetailController.m in Sources */ = {isa = PBXBuildFile; fileRef = 1198C63A1D979EFC0084F84D /* PGOrderDetailController.m */; };
		1198C63E1D97E5650084F84D /* PGNetController.m in Sources */ = {isa = PBXBuildFile; fileRef = 1198C63D1D97E5650084F84D /* PGNetController.m */; };
		1198C6431D9801690084F84D /* PGPatchManager.m in Sources */ = {isa = PBXBuildFile; fileRef = 1198C6421D9801690084F84D /* PGPatchManager.m */; };
		1198C6461D9801C90084F84D /* PGPatchObject.m in Sources */ = {isa = PBXBuildFile; fileRef = 1198C6451D9801C90084F84D /* PGPatchObject.m */; };
		1198C64B1D9804390084F84D /* JPEngine.m in Sources */ = {isa = PBXBuildFile; fileRef = 1198C6491D9804390084F84D /* JPEngine.m */; };
		1198C64C1D9804390084F84D /* JSPatch.js in Resources */ = {isa = PBXBuildFile; fileRef = 1198C64A1D9804390084F84D /* JSPatch.js */; };
		11A1C5431D9372C40069E490 /* PGHttpClient.m in Sources */ = {isa = PBXBuildFile; fileRef = 11A1C5421D9372C40069E490 /* PGHttpClient.m */; };
		11A1C5461D9375D40069E490 /* PGAPI.m in Sources */ = {isa = PBXBuildFile; fileRef = 11A1C5451D9375D40069E490 /* PGAPI.m */; };
		11A1C5491D9375FF0069E490 /* PGRequestManager.m in Sources */ = {isa = PBXBuildFile; fileRef = 11A1C5481D9375FF0069E490 /* PGRequestManager.m */; };
		11A1C54C1D937C200069E490 /* PGResultObject.m in Sources */ = {isa = PBXBuildFile; fileRef = 11A1C54B1D937C200069E490 /* PGResultObject.m */; };
		11A1C54F1D937E900069E490 /* PGEncrypt.m in Sources */ = {isa = PBXBuildFile; fileRef = 11A1C54E1D937E900069E490 /* PGEncrypt.m */; };
		11A1C5521D9380B40069E490 /* PGDataParseManager.m in Sources */ = {isa = PBXBuildFile; fileRef = 11A1C5511D9380B40069E490 /* PGDataParseManager.m */; };
		11A1C5551D938A240069E490 /* NSDictionary+parse.m in Sources */ = {isa = PBXBuildFile; fileRef = 11A1C5541D938A240069E490 /* NSDictionary+parse.m */; };
		11A1C5581D93B35D0069E490 /* PGBaseController+errorView.m in Sources */ = {isa = PBXBuildFile; fileRef = 11A1C5571D93B35D0069E490 /* PGBaseController+errorView.m */; };
		11A1C55B1D93C3D90069E490 /* data_no@3x.png in Resources */ = {isa = PBXBuildFile; fileRef = 11A1C5591D93C3D90069E490 /* data_no@3x.png */; };
		11A1C55C1D93C3D90069E490 /* no_net@3x.png in Resources */ = {isa = PBXBuildFile; fileRef = 11A1C55A1D93C3D90069E490 /* no_net@3x.png */; };
		11A1C55F1D93D5310069E490 /* PGContext.m in Sources */ = {isa = PBXBuildFile; fileRef = 11A1C55E1D93D5310069E490 /* PGContext.m */; };
		11A1C5621D93D5B40069E490 /* PGCacheManager.m in Sources */ = {isa = PBXBuildFile; fileRef = 11A1C5611D93D5B40069E490 /* PGCacheManager.m */; };
		11A1C5651D93DCB00069E490 /* NSString+encrypt.m in Sources */ = {isa = PBXBuildFile; fileRef = 11A1C5641D93DCB00069E490 /* NSString+encrypt.m */; };
		11A1C5681D93DCC90069E490 /* NSString+json.m in Sources */ = {isa = PBXBuildFile; fileRef = 11A1C5671D93DCC90069E490 /* NSString+json.m */; };
		11A1C56B1D93DD200069E490 /* NSString+ruleCheck.m in Sources */ = {isa = PBXBuildFile; fileRef = 11A1C56A1D93DD200069E490 /* NSString+ruleCheck.m */; };
		11A1C56E1D93DE8F0069E490 /* PGBaseObj.m in Sources */ = {isa = PBXBuildFile; fileRef = 11A1C56D1D93DE8F0069E490 /* PGBaseObj.m */; };
		11C877561D967B5300546910 /* PGTableDataSource.m in Sources */ = {isa = PBXBuildFile; fileRef = 11C877551D967B5300546910 /* PGTableDataSource.m */; };
		11C877591D967D9D00546910 /* PGTableBaseController.m in Sources */ = {isa = PBXBuildFile; fileRef = 11C877581D967D9D00546910 /* PGTableBaseController.m */; };
		11C8775C1D968BAC00546910 /* PGMsgAndErrorController.m in Sources */ = {isa = PBXBuildFile; fileRef = 11C8775B1D968BAC00546910 /* PGMsgAndErrorController.m */; };
		11C877601D96B39300546910 /* PGPopupView.m in Sources */ = {isa = PBXBuildFile; fileRef = 11C8775F1D96B39300546910 /* PGPopupView.m */; };
		11C877681D96B87B00546910 /* icon_close@3x.png in Resources */ = {isa = PBXBuildFile; fileRef = 11C877611D96B87B00546910 /* icon_close@3x.png */; };
		11C877691D96B87B00546910 /* menber_1@3x.png in Resources */ = {isa = PBXBuildFile; fileRef = 11C877621D96B87B00546910 /* menber_1@3x.png */; };
		11C8776A1D96B87B00546910 /* menber_2@3x.png in Resources */ = {isa = PBXBuildFile; fileRef = 11C877631D96B87B00546910 /* menber_2@3x.png */; };
		11C8776B1D96B87B00546910 /* menber_top1@3x.png in Resources */ = {isa = PBXBuildFile; fileRef = 11C877641D96B87B00546910 /* menber_top1@3x.png */; };
		11C8776C1D96B87B00546910 /* menber_top2@3x.png in Resources */ = {isa = PBXBuildFile; fileRef = 11C877651D96B87B00546910 /* menber_top2@3x.png */; };
		11C8776D1D96B87B00546910 /* menber_top3@3x.png in Resources */ = {isa = PBXBuildFile; fileRef = 11C877661D96B87B00546910 /* menber_top3@3x.png */; };
		11C8776E1D96B87B00546910 /* menber_top4@3x.png in Resources */ = {isa = PBXBuildFile; fileRef = 11C877671D96B87B00546910 /* menber_top4@3x.png */; };
		11C877711D96B9AC00546910 /* PGPaySheetView.m in Sources */ = {isa = PBXBuildFile; fileRef = 11C877701D96B9AC00546910 /* PGPaySheetView.m */; };
		11C877731D96BACA00546910 /* icon_del_lab@3x.png in Resources */ = {isa = PBXBuildFile; fileRef = 11C877721D96BACA00546910 /* icon_del_lab@3x.png */; };
		11C877761D96BBDA00546910 /* PGOrderTallyController.m in Sources */ = {isa = PBXBuildFile; fileRef = 11C877751D96BBDA00546910 /* PGOrderTallyController.m */; };
		11C877791D96BE4000546910 /* UIColor+darken.m in Sources */ = {isa = PBXBuildFile; fileRef = 11C877781D96BE4000546910 /* UIColor+darken.m */; };
		11C8777C1D96C67F00546910 /* PGPayManager.m in Sources */ = {isa = PBXBuildFile; fileRef = 11C8777B1D96C67F00546910 /* PGPayManager.m */; };
		11C8777F1D96C7DD00546910 /* PGBaseController+pay.m in Sources */ = {isa = PBXBuildFile; fileRef = 11C8777E1D96C7DD00546910 /* PGBaseController+pay.m */; };
		11C9F8331D9A3C19005A1E85 /* PGRefreshControl.m in Sources */ = {isa = PBXBuildFile; fileRef = 11C9F8321D9A3C19005A1E85 /* PGRefreshControl.m */; };
/* End PBXBuildFile section */

/* Begin PBXFileReference section */
		112D32EB1D9CADC900CDB70C /* PGH5JsController.h */ = {isa = PBXFileReference; fileEncoding = 4; lastKnownFileType = sourcecode.c.h; path = PGH5JsController.h; sourceTree = "<group>"; };
		112D32EC1D9CADC900CDB70C /* PGH5JsController.m */ = {isa = PBXFileReference; fileEncoding = 4; lastKnownFileType = sourcecode.c.objc; path = PGH5JsController.m; sourceTree = "<group>"; };
		1134A3DD1D9225C00030B728 /* PGFrame.app */ = {isa = PBXFileReference; explicitFileType = wrapper.application; includeInIndex = 0; path = PGFrame.app; sourceTree = BUILT_PRODUCTS_DIR; };
		1134A3E11D9225C00030B728 /* main.m */ = {isa = PBXFileReference; lastKnownFileType = sourcecode.c.objc; path = main.m; sourceTree = "<group>"; };
		1134A3E31D9225C00030B728 /* AppDelegate.h */ = {isa = PBXFileReference; lastKnownFileType = sourcecode.c.h; path = AppDelegate.h; sourceTree = "<group>"; };
		1134A3E41D9225C00030B728 /* AppDelegate.m */ = {isa = PBXFileReference; lastKnownFileType = sourcecode.c.objc; path = AppDelegate.m; sourceTree = "<group>"; };
		1134A3E61D9225C00030B728 /* ViewController.h */ = {isa = PBXFileReference; lastKnownFileType = sourcecode.c.h; path = ViewController.h; sourceTree = "<group>"; };
		1134A3E71D9225C00030B728 /* ViewController.m */ = {isa = PBXFileReference; lastKnownFileType = sourcecode.c.objc; path = ViewController.m; sourceTree = "<group>"; };
		1134A3EA1D9225C00030B728 /* Base */ = {isa = PBXFileReference; lastKnownFileType = file.storyboard; name = Base; path = Base.lproj/Main.storyboard; sourceTree = "<group>"; };
		1134A3EC1D9225C00030B728 /* Assets.xcassets */ = {isa = PBXFileReference; lastKnownFileType = folder.assetcatalog; path = Assets.xcassets; sourceTree = "<group>"; };
		1134A3EF1D9225C00030B728 /* Base */ = {isa = PBXFileReference; lastKnownFileType = file.storyboard; name = Base; path = Base.lproj/LaunchScreen.storyboard; sourceTree = "<group>"; };
		1134A3F11D9225C00030B728 /* Info.plist */ = {isa = PBXFileReference; lastKnownFileType = text.plist.xml; path = Info.plist; sourceTree = "<group>"; };
		1134A4261D922C7A0030B728 /* PGBaseController.h */ = {isa = PBXFileReference; fileEncoding = 4; lastKnownFileType = sourcecode.c.h; path = PGBaseController.h; sourceTree = "<group>"; };
		1134A4271D922C7A0030B728 /* PGBaseController.m */ = {isa = PBXFileReference; fileEncoding = 4; lastKnownFileType = sourcecode.c.objc; path = PGBaseController.m; sourceTree = "<group>"; };
		1134A4291D922EA50030B728 /* PGNavigationController.h */ = {isa = PBXFileReference; fileEncoding = 4; lastKnownFileType = sourcecode.c.h; path = PGNavigationController.h; sourceTree = "<group>"; };
		1134A42A1D922EA50030B728 /* PGNavigationController.m */ = {isa = PBXFileReference; fileEncoding = 4; lastKnownFileType = sourcecode.c.objc; path = PGNavigationController.m; sourceTree = "<group>"; };
		1134A42D1D9236090030B728 /* UIAlertView+action.h */ = {isa = PBXFileReference; fileEncoding = 4; lastKnownFileType = sourcecode.c.h; path = "UIAlertView+action.h"; sourceTree = "<group>"; };
		1134A42E1D9236090030B728 /* UIAlertView+action.m */ = {isa = PBXFileReference; fileEncoding = 4; lastKnownFileType = sourcecode.c.objc; path = "UIAlertView+action.m"; sourceTree = "<group>"; };
		1134A4301D92528E0030B728 /* PGApp.h */ = {isa = PBXFileReference; fileEncoding = 4; lastKnownFileType = sourcecode.c.h; path = PGApp.h; sourceTree = "<group>"; };
		1134A4311D92528E0030B728 /* PGApp.m */ = {isa = PBXFileReference; fileEncoding = 4; lastKnownFileType = sourcecode.c.objc; path = PGApp.m; sourceTree = "<group>"; };
		1134A4331D9254310030B728 /* PGMacroDefHeader.h */ = {isa = PBXFileReference; fileEncoding = 4; lastKnownFileType = sourcecode.c.h; path = PGMacroDefHeader.h; sourceTree = "<group>"; };
		1134A4341D9254A10030B728 /* PGConfig.h */ = {isa = PBXFileReference; fileEncoding = 4; lastKnownFileType = sourcecode.c.h; path = PGConfig.h; sourceTree = "<group>"; };
		1134A4361D9266B70030B728 /* UIImage+PGImage.h */ = {isa = PBXFileReference; fileEncoding = 4; lastKnownFileType = sourcecode.c.h; path = "UIImage+PGImage.h"; sourceTree = "<group>"; };
		1134A4371D9266B70030B728 /* UIImage+PGImage.m */ = {isa = PBXFileReference; fileEncoding = 4; lastKnownFileType = sourcecode.c.objc; path = "UIImage+PGImage.m"; sourceTree = "<group>"; };
		1134A43C1D926D100030B728 /* PGHomeController.h */ = {isa = PBXFileReference; fileEncoding = 4; lastKnownFileType = sourcecode.c.h; path = PGHomeController.h; sourceTree = "<group>"; };
		1134A43D1D926D100030B728 /* PGHomeController.m */ = {isa = PBXFileReference; fileEncoding = 4; lastKnownFileType = sourcecode.c.objc; path = PGHomeController.m; sourceTree = "<group>"; };
		1134A43F1D9271770030B728 /* PGUIKitUtil.h */ = {isa = PBXFileReference; fileEncoding = 4; lastKnownFileType = sourcecode.c.h; path = PGUIKitUtil.h; sourceTree = "<group>"; };
		1134A4401D9271770030B728 /* PGUIKitUtil.m */ = {isa = PBXFileReference; fileEncoding = 4; lastKnownFileType = sourcecode.c.objc; path = PGUIKitUtil.m; sourceTree = "<group>"; };
		1134A4431D9285C10030B728 /* PGWaitingView.h */ = {isa = PBXFileReference; fileEncoding = 4; lastKnownFileType = sourcecode.c.h; path = PGWaitingView.h; sourceTree = "<group>"; };
		1134A4441D9285C10030B728 /* PGWaitingView.m */ = {isa = PBXFileReference; fileEncoding = 4; lastKnownFileType = sourcecode.c.objc; path = PGWaitingView.m; sourceTree = "<group>"; };
		1134A4461D9286180030B728 /* PGCustomWaitingView.h */ = {isa = PBXFileReference; fileEncoding = 4; lastKnownFileType = sourcecode.c.h; path = PGCustomWaitingView.h; sourceTree = "<group>"; };
		1134A4471D9286180030B728 /* PGCustomWaitingView.m */ = {isa = PBXFileReference; fileEncoding = 4; lastKnownFileType = sourcecode.c.objc; path = PGCustomWaitingView.m; sourceTree = "<group>"; };
		1134A4491D92863F0030B728 /* PGRotaionWaitingView.h */ = {isa = PBXFileReference; fileEncoding = 4; lastKnownFileType = sourcecode.c.h; path = PGRotaionWaitingView.h; sourceTree = "<group>"; };
		1134A44A1D92863F0030B728 /* PGRotaionWaitingView.m */ = {isa = PBXFileReference; fileEncoding = 4; lastKnownFileType = sourcecode.c.objc; path = PGRotaionWaitingView.m; sourceTree = "<group>"; };
		1134A44C1D928FE50030B728 /* icon_return@3x.png */ = {isa = PBXFileReference; lastKnownFileType = image.png; path = "icon_return@3x.png"; sourceTree = "<group>"; };
		1134A44D1D928FE50030B728 /* loading_logo@3x.png */ = {isa = PBXFileReference; lastKnownFileType = image.png; path = "loading_logo@3x.png"; sourceTree = "<group>"; };
		1134A44E1D928FE50030B728 /* loading_round@3x.png */ = {isa = PBXFileReference; lastKnownFileType = image.png; path = "loading_round@3x.png"; sourceTree = "<group>"; };
		1190D29D1D9B691B00F4DFB4 /* PGApnsManager.h */ = {isa = PBXFileReference; fileEncoding = 4; lastKnownFileType = sourcecode.c.h; path = PGApnsManager.h; sourceTree = "<group>"; };
		1190D29E1D9B691B00F4DFB4 /* PGApnsManager.m */ = {isa = PBXFileReference; fileEncoding = 4; lastKnownFileType = sourcecode.c.objc; path = PGApnsManager.m; sourceTree = "<group>"; };
		1190D2A01D9B6AAB00F4DFB4 /* PGMessageObject.h */ = {isa = PBXFileReference; fileEncoding = 4; lastKnownFileType = sourcecode.c.h; path = PGMessageObject.h; sourceTree = "<group>"; };
		1190D2A11D9B6AAB00F4DFB4 /* PGMessageObject.m */ = {isa = PBXFileReference; fileEncoding = 4; lastKnownFileType = sourcecode.c.objc; path = PGMessageObject.m; sourceTree = "<group>"; };
		1190D2A31D9B92F900F4DFB4 /* UIViewController+message.h */ = {isa = PBXFileReference; fileEncoding = 4; lastKnownFileType = sourcecode.c.h; path = "UIViewController+message.h"; sourceTree = "<group>"; };
		1190D2A41D9B92F900F4DFB4 /* UIViewController+message.m */ = {isa = PBXFileReference; fileEncoding = 4; lastKnownFileType = sourcecode.c.objc; path = "UIViewController+message.m"; sourceTree = "<group>"; };
		1190D2A61D9B9AAA00F4DFB4 /* PGWebBaseController.h */ = {isa = PBXFileReference; fileEncoding = 4; lastKnownFileType = sourcecode.c.h; path = PGWebBaseController.h; sourceTree = "<group>"; };
		1190D2A71D9B9AAA00F4DFB4 /* PGWebBaseController.m */ = {isa = PBXFileReference; fileEncoding = 4; lastKnownFileType = sourcecode.c.objc; path = PGWebBaseController.m; sourceTree = "<group>"; };
		1190D2AA1D9B9CEC00F4DFB4 /* PGJSBaseController.h */ = {isa = PBXFileReference; fileEncoding = 4; lastKnownFileType = sourcecode.c.h; path = PGJSBaseController.h; sourceTree = "<group>"; };
		1190D2AB1D9B9CEC00F4DFB4 /* PGJSBaseController.m */ = {isa = PBXFileReference; fileEncoding = 4; lastKnownFileType = sourcecode.c.objc; path = PGJSBaseController.m; sourceTree = "<group>"; };
		1190D2AD1D9B9D3700F4DFB4 /* PGJSObject.h */ = {isa = PBXFileReference; fileEncoding = 4; lastKnownFileType = sourcecode.c.h; path = PGJSObject.h; sourceTree = "<group>"; };
		1190D2AE1D9B9D3700F4DFB4 /* PGJSObject.m */ = {isa = PBXFileReference; fileEncoding = 4; lastKnownFileType = sourcecode.c.objc; path = PGJSObject.m; sourceTree = "<group>"; };
		1198C6361D979E420084F84D /* PGPayController.h */ = {isa = PBXFileReference; fileEncoding = 4; lastKnownFileType = sourcecode.c.h; path = PGPayController.h; sourceTree = "<group>"; };
		1198C6371D979E420084F84D /* PGPayController.m */ = {isa = PBXFileReference; fileEncoding = 4; lastKnownFileType = sourcecode.c.objc; path = PGPayController.m; sourceTree = "<group>"; };
		1198C6391D979EFC0084F84D /* PGOrderDetailController.h */ = {isa = PBXFileReference; fileEncoding = 4; lastKnownFileType = sourcecode.c.h; path = PGOrderDetailController.h; sourceTree = "<group>"; };
		1198C63A1D979EFC0084F84D /* PGOrderDetailController.m */ = {isa = PBXFileReference; fileEncoding = 4; lastKnownFileType = sourcecode.c.objc; path = PGOrderDetailController.m; sourceTree = "<group>"; };
		1198C63C1D97E5650084F84D /* PGNetController.h */ = {isa = PBXFileReference; fileEncoding = 4; lastKnownFileType = sourcecode.c.h; path = PGNetController.h; sourceTree = "<group>"; };
		1198C63D1D97E5650084F84D /* PGNetController.m */ = {isa = PBXFileReference; fileEncoding = 4; lastKnownFileType = sourcecode.c.objc; path = PGNetController.m; sourceTree = "<group>"; };
		1198C6411D9801690084F84D /* PGPatchManager.h */ = {isa = PBXFileReference; fileEncoding = 4; lastKnownFileType = sourcecode.c.h; path = PGPatchManager.h; sourceTree = "<group>"; };
		1198C6421D9801690084F84D /* PGPatchManager.m */ = {isa = PBXFileReference; fileEncoding = 4; lastKnownFileType = sourcecode.c.objc; path = PGPatchManager.m; sourceTree = "<group>"; };
		1198C6441D9801C90084F84D /* PGPatchObject.h */ = {isa = PBXFileReference; fileEncoding = 4; lastKnownFileType = sourcecode.c.h; path = PGPatchObject.h; sourceTree = "<group>"; };
		1198C6451D9801C90084F84D /* PGPatchObject.m */ = {isa = PBXFileReference; fileEncoding = 4; lastKnownFileType = sourcecode.c.objc; path = PGPatchObject.m; sourceTree = "<group>"; };
		1198C6481D9804390084F84D /* JPEngine.h */ = {isa = PBXFileReference; fileEncoding = 4; lastKnownFileType = sourcecode.c.h; path = JPEngine.h; sourceTree = "<group>"; };
		1198C6491D9804390084F84D /* JPEngine.m */ = {isa = PBXFileReference; fileEncoding = 4; lastKnownFileType = sourcecode.c.objc; path = JPEngine.m; sourceTree = "<group>"; };
		1198C64A1D9804390084F84D /* JSPatch.js */ = {isa = PBXFileReference; fileEncoding = 4; lastKnownFileType = sourcecode.javascript; path = JSPatch.js; sourceTree = "<group>"; };
		11A1C5411D9372C40069E490 /* PGHttpClient.h */ = {isa = PBXFileReference; fileEncoding = 4; lastKnownFileType = sourcecode.c.h; path = PGHttpClient.h; sourceTree = "<group>"; };
		11A1C5421D9372C40069E490 /* PGHttpClient.m */ = {isa = PBXFileReference; fileEncoding = 4; lastKnownFileType = sourcecode.c.objc; path = PGHttpClient.m; sourceTree = "<group>"; };
		11A1C5441D9375D40069E490 /* PGAPI.h */ = {isa = PBXFileReference; fileEncoding = 4; lastKnownFileType = sourcecode.c.h; path = PGAPI.h; sourceTree = "<group>"; };
		11A1C5451D9375D40069E490 /* PGAPI.m */ = {isa = PBXFileReference; fileEncoding = 4; lastKnownFileType = sourcecode.c.objc; path = PGAPI.m; sourceTree = "<group>"; };
		11A1C5471D9375FF0069E490 /* PGRequestManager.h */ = {isa = PBXFileReference; fileEncoding = 4; lastKnownFileType = sourcecode.c.h; path = PGRequestManager.h; sourceTree = "<group>"; };
		11A1C5481D9375FF0069E490 /* PGRequestManager.m */ = {isa = PBXFileReference; fileEncoding = 4; lastKnownFileType = sourcecode.c.objc; path = PGRequestManager.m; sourceTree = "<group>"; };
		11A1C54A1D937C200069E490 /* PGResultObject.h */ = {isa = PBXFileReference; fileEncoding = 4; lastKnownFileType = sourcecode.c.h; path = PGResultObject.h; sourceTree = "<group>"; };
		11A1C54B1D937C200069E490 /* PGResultObject.m */ = {isa = PBXFileReference; fileEncoding = 4; lastKnownFileType = sourcecode.c.objc; path = PGResultObject.m; sourceTree = "<group>"; };
		11A1C54D1D937E900069E490 /* PGEncrypt.h */ = {isa = PBXFileReference; fileEncoding = 4; lastKnownFileType = sourcecode.c.h; path = PGEncrypt.h; sourceTree = "<group>"; };
		11A1C54E1D937E900069E490 /* PGEncrypt.m */ = {isa = PBXFileReference; fileEncoding = 4; lastKnownFileType = sourcecode.c.objc; path = PGEncrypt.m; sourceTree = "<group>"; };
		11A1C5501D9380B40069E490 /* PGDataParseManager.h */ = {isa = PBXFileReference; fileEncoding = 4; lastKnownFileType = sourcecode.c.h; path = PGDataParseManager.h; sourceTree = "<group>"; };
		11A1C5511D9380B40069E490 /* PGDataParseManager.m */ = {isa = PBXFileReference; fileEncoding = 4; lastKnownFileType = sourcecode.c.objc; path = PGDataParseManager.m; sourceTree = "<group>"; };
		11A1C5531D938A240069E490 /* NSDictionary+parse.h */ = {isa = PBXFileReference; fileEncoding = 4; lastKnownFileType = sourcecode.c.h; path = "NSDictionary+parse.h"; sourceTree = "<group>"; };
		11A1C5541D938A240069E490 /* NSDictionary+parse.m */ = {isa = PBXFileReference; fileEncoding = 4; lastKnownFileType = sourcecode.c.objc; path = "NSDictionary+parse.m"; sourceTree = "<group>"; };
		11A1C5561D93B35D0069E490 /* PGBaseController+errorView.h */ = {isa = PBXFileReference; fileEncoding = 4; lastKnownFileType = sourcecode.c.h; path = "PGBaseController+errorView.h"; sourceTree = "<group>"; };
		11A1C5571D93B35D0069E490 /* PGBaseController+errorView.m */ = {isa = PBXFileReference; fileEncoding = 4; lastKnownFileType = sourcecode.c.objc; path = "PGBaseController+errorView.m"; sourceTree = "<group>"; };
		11A1C5591D93C3D90069E490 /* data_no@3x.png */ = {isa = PBXFileReference; lastKnownFileType = image.png; path = "data_no@3x.png"; sourceTree = "<group>"; };
		11A1C55A1D93C3D90069E490 /* no_net@3x.png */ = {isa = PBXFileReference; lastKnownFileType = image.png; path = "no_net@3x.png"; sourceTree = "<group>"; };
		11A1C55D1D93D5310069E490 /* PGContext.h */ = {isa = PBXFileReference; fileEncoding = 4; lastKnownFileType = sourcecode.c.h; path = PGContext.h; sourceTree = "<group>"; };
		11A1C55E1D93D5310069E490 /* PGContext.m */ = {isa = PBXFileReference; fileEncoding = 4; lastKnownFileType = sourcecode.c.objc; path = PGContext.m; sourceTree = "<group>"; };
		11A1C5601D93D5B40069E490 /* PGCacheManager.h */ = {isa = PBXFileReference; fileEncoding = 4; lastKnownFileType = sourcecode.c.h; path = PGCacheManager.h; sourceTree = "<group>"; };
		11A1C5611D93D5B40069E490 /* PGCacheManager.m */ = {isa = PBXFileReference; fileEncoding = 4; lastKnownFileType = sourcecode.c.objc; path = PGCacheManager.m; sourceTree = "<group>"; };
		11A1C5631D93DCB00069E490 /* NSString+encrypt.h */ = {isa = PBXFileReference; fileEncoding = 4; lastKnownFileType = sourcecode.c.h; path = "NSString+encrypt.h"; sourceTree = "<group>"; };
		11A1C5641D93DCB00069E490 /* NSString+encrypt.m */ = {isa = PBXFileReference; fileEncoding = 4; lastKnownFileType = sourcecode.c.objc; path = "NSString+encrypt.m"; sourceTree = "<group>"; };
		11A1C5661D93DCC90069E490 /* NSString+json.h */ = {isa = PBXFileReference; fileEncoding = 4; lastKnownFileType = sourcecode.c.h; path = "NSString+json.h"; sourceTree = "<group>"; };
		11A1C5671D93DCC90069E490 /* NSString+json.m */ = {isa = PBXFileReference; fileEncoding = 4; lastKnownFileType = sourcecode.c.objc; path = "NSString+json.m"; sourceTree = "<group>"; };
		11A1C5691D93DD200069E490 /* NSString+ruleCheck.h */ = {isa = PBXFileReference; fileEncoding = 4; lastKnownFileType = sourcecode.c.h; path = "NSString+ruleCheck.h"; sourceTree = "<group>"; };
		11A1C56A1D93DD200069E490 /* NSString+ruleCheck.m */ = {isa = PBXFileReference; fileEncoding = 4; lastKnownFileType = sourcecode.c.objc; path = "NSString+ruleCheck.m"; sourceTree = "<group>"; };
		11A1C56C1D93DE8F0069E490 /* PGBaseObj.h */ = {isa = PBXFileReference; fileEncoding = 4; lastKnownFileType = sourcecode.c.h; path = PGBaseObj.h; sourceTree = "<group>"; };
		11A1C56D1D93DE8F0069E490 /* PGBaseObj.m */ = {isa = PBXFileReference; fileEncoding = 4; lastKnownFileType = sourcecode.c.objc; path = PGBaseObj.m; sourceTree = "<group>"; };
		11C877541D967B5300546910 /* PGTableDataSource.h */ = {isa = PBXFileReference; fileEncoding = 4; lastKnownFileType = sourcecode.c.h; path = PGTableDataSource.h; sourceTree = "<group>"; };
		11C877551D967B5300546910 /* PGTableDataSource.m */ = {isa = PBXFileReference; fileEncoding = 4; lastKnownFileType = sourcecode.c.objc; path = PGTableDataSource.m; sourceTree = "<group>"; };
		11C877571D967D9D00546910 /* PGTableBaseController.h */ = {isa = PBXFileReference; fileEncoding = 4; lastKnownFileType = sourcecode.c.h; path = PGTableBaseController.h; sourceTree = "<group>"; };
		11C877581D967D9D00546910 /* PGTableBaseController.m */ = {isa = PBXFileReference; fileEncoding = 4; lastKnownFileType = sourcecode.c.objc; path = PGTableBaseController.m; sourceTree = "<group>"; };
		11C8775A1D968BAC00546910 /* PGMsgAndErrorController.h */ = {isa = PBXFileReference; fileEncoding = 4; lastKnownFileType = sourcecode.c.h; path = PGMsgAndErrorController.h; sourceTree = "<group>"; };
		11C8775B1D968BAC00546910 /* PGMsgAndErrorController.m */ = {isa = PBXFileReference; fileEncoding = 4; lastKnownFileType = sourcecode.c.objc; path = PGMsgAndErrorController.m; sourceTree = "<group>"; };
		11C8775E1D96B39300546910 /* PGPopupView.h */ = {isa = PBXFileReference; fileEncoding = 4; lastKnownFileType = sourcecode.c.h; path = PGPopupView.h; sourceTree = "<group>"; };
		11C8775F1D96B39300546910 /* PGPopupView.m */ = {isa = PBXFileReference; fileEncoding = 4; lastKnownFileType = sourcecode.c.objc; path = PGPopupView.m; sourceTree = "<group>"; };
		11C877611D96B87B00546910 /* icon_close@3x.png */ = {isa = PBXFileReference; lastKnownFileType = image.png; path = "icon_close@3x.png"; sourceTree = "<group>"; };
		11C877621D96B87B00546910 /* menber_1@3x.png */ = {isa = PBXFileReference; lastKnownFileType = image.png; path = "menber_1@3x.png"; sourceTree = "<group>"; };
		11C877631D96B87B00546910 /* menber_2@3x.png */ = {isa = PBXFileReference; lastKnownFileType = image.png; path = "menber_2@3x.png"; sourceTree = "<group>"; };
		11C877641D96B87B00546910 /* menber_top1@3x.png */ = {isa = PBXFileReference; lastKnownFileType = image.png; path = "menber_top1@3x.png"; sourceTree = "<group>"; };
		11C877651D96B87B00546910 /* menber_top2@3x.png */ = {isa = PBXFileReference; lastKnownFileType = image.png; path = "menber_top2@3x.png"; sourceTree = "<group>"; };
		11C877661D96B87B00546910 /* menber_top3@3x.png */ = {isa = PBXFileReference; lastKnownFileType = image.png; path = "menber_top3@3x.png"; sourceTree = "<group>"; };
		11C877671D96B87B00546910 /* menber_top4@3x.png */ = {isa = PBXFileReference; lastKnownFileType = image.png; path = "menber_top4@3x.png"; sourceTree = "<group>"; };
		11C8776F1D96B9AC00546910 /* PGPaySheetView.h */ = {isa = PBXFileReference; fileEncoding = 4; lastKnownFileType = sourcecode.c.h; path = PGPaySheetView.h; sourceTree = "<group>"; };
		11C877701D96B9AC00546910 /* PGPaySheetView.m */ = {isa = PBXFileReference; fileEncoding = 4; lastKnownFileType = sourcecode.c.objc; path = PGPaySheetView.m; sourceTree = "<group>"; };
		11C877721D96BACA00546910 /* icon_del_lab@3x.png */ = {isa = PBXFileReference; lastKnownFileType = image.png; path = "icon_del_lab@3x.png"; sourceTree = "<group>"; };
		11C877741D96BBDA00546910 /* PGOrderTallyController.h */ = {isa = PBXFileReference; fileEncoding = 4; lastKnownFileType = sourcecode.c.h; path = PGOrderTallyController.h; sourceTree = "<group>"; };
		11C877751D96BBDA00546910 /* PGOrderTallyController.m */ = {isa = PBXFileReference; fileEncoding = 4; lastKnownFileType = sourcecode.c.objc; path = PGOrderTallyController.m; sourceTree = "<group>"; };
		11C877771D96BE4000546910 /* UIColor+darken.h */ = {isa = PBXFileReference; fileEncoding = 4; lastKnownFileType = sourcecode.c.h; path = "UIColor+darken.h"; sourceTree = "<group>"; };
		11C877781D96BE4000546910 /* UIColor+darken.m */ = {isa = PBXFileReference; fileEncoding = 4; lastKnownFileType = sourcecode.c.objc; path = "UIColor+darken.m"; sourceTree = "<group>"; };
		11C8777A1D96C67F00546910 /* PGPayManager.h */ = {isa = PBXFileReference; fileEncoding = 4; lastKnownFileType = sourcecode.c.h; path = PGPayManager.h; sourceTree = "<group>"; };
		11C8777B1D96C67F00546910 /* PGPayManager.m */ = {isa = PBXFileReference; fileEncoding = 4; lastKnownFileType = sourcecode.c.objc; path = PGPayManager.m; sourceTree = "<group>"; };
		11C8777D1D96C7DD00546910 /* PGBaseController+pay.h */ = {isa = PBXFileReference; fileEncoding = 4; lastKnownFileType = sourcecode.c.h; path = "PGBaseController+pay.h"; sourceTree = "<group>"; };
		11C8777E1D96C7DD00546910 /* PGBaseController+pay.m */ = {isa = PBXFileReference; fileEncoding = 4; lastKnownFileType = sourcecode.c.objc; path = "PGBaseController+pay.m"; sourceTree = "<group>"; };
		11C9F8311D9A3C19005A1E85 /* PGRefreshControl.h */ = {isa = PBXFileReference; fileEncoding = 4; lastKnownFileType = sourcecode.c.h; path = PGRefreshControl.h; sourceTree = "<group>"; };
		11C9F8321D9A3C19005A1E85 /* PGRefreshControl.m */ = {isa = PBXFileReference; fileEncoding = 4; lastKnownFileType = sourcecode.c.objc; path = PGRefreshControl.m; sourceTree = "<group>"; };
		11C9F8341D9A41C0005A1E85 /* PGRefreshControlHead.h */ = {isa = PBXFileReference; fileEncoding = 4; lastKnownFileType = sourcecode.c.h; path = PGRefreshControlHead.h; sourceTree = "<group>"; };
/* End PBXFileReference section */

/* Begin PBXFrameworksBuildPhase section */
		1134A3DA1D9225C00030B728 /* Frameworks */ = {
			isa = PBXFrameworksBuildPhase;
			buildActionMask = 2147483647;
			files = (
			);
			runOnlyForDeploymentPostprocessing = 0;
		};
/* End PBXFrameworksBuildPhase section */

/* Begin PBXGroup section */
		1134A3D41D9225C00030B728 = {
			isa = PBXGroup;
			children = (
				1134A41B1D922C0A0030B728 /* panggu */,
				1134A3DF1D9225C00030B728 /* PGFrame */,
				1134A3DE1D9225C00030B728 /* Products */,
			);
			sourceTree = "<group>";
		};
		1134A3DE1D9225C00030B728 /* Products */ = {
			isa = PBXGroup;
			children = (
				1134A3DD1D9225C00030B728 /* PGFrame.app */,
			);
			name = Products;
			sourceTree = "<group>";
		};
		1134A3DF1D9225C00030B728 /* PGFrame */ = {
			isa = PBXGroup;
			children = (
				1134A3E31D9225C00030B728 /* AppDelegate.h */,
				1134A3E41D9225C00030B728 /* AppDelegate.m */,
				1134A3E61D9225C00030B728 /* ViewController.h */,
				1134A3E71D9225C00030B728 /* ViewController.m */,
				1134A3E91D9225C00030B728 /* Main.storyboard */,
				1134A3EC1D9225C00030B728 /* Assets.xcassets */,
				1134A3EE1D9225C00030B728 /* LaunchScreen.storyboard */,
				1134A3F11D9225C00030B728 /* Info.plist */,
				1134A3E01D9225C00030B728 /* Supporting Files */,
			);
			path = PGFrame;
			sourceTree = "<group>";
		};
		1134A3E01D9225C00030B728 /* Supporting Files */ = {
			isa = PBXGroup;
			children = (
				1134A3E11D9225C00030B728 /* main.m */,
			);
			name = "Supporting Files";
			sourceTree = "<group>";
		};
		1134A41B1D922C0A0030B728 /* panggu */ = {
			isa = PBXGroup;
			children = (
				1134A4351D9266640030B728 /* category */,
				1134A41C1D922C0A0030B728 /* controller */,
				1134A41E1D922C0A0030B728 /* image */,
				1134A41F1D922C0A0030B728 /* lib */,
				1134A4201D922C0A0030B728 /* logic */,
				1134A4211D922C0A0030B728 /* model */,
				1134A4221D922C0A0030B728 /* ui */,
			);
			path = panggu;
			sourceTree = "<group>";
		};
		1134A41C1D922C0A0030B728 /* controller */ = {
			isa = PBXGroup;
			children = (
				1134A4391D926C540030B728 /* home */,
				1134A43A1D926C540030B728 /* list */,
				1134A43B1D926C540030B728 /* setting */,
				1134A41D1D922C0A0030B728 /* base */,
			);
			path = controller;
			sourceTree = "<group>";
		};
		1134A41D1D922C0A0030B728 /* base */ = {
			isa = PBXGroup;
			children = (
				1190D2A91D9B9CC000F4DFB4 /* jsWeb */,
				1134A4261D922C7A0030B728 /* PGBaseController.h */,
				1134A4271D922C7A0030B728 /* PGBaseController.m */,
				1134A4291D922EA50030B728 /* PGNavigationController.h */,
				1134A42A1D922EA50030B728 /* PGNavigationController.m */,
				11A1C5561D93B35D0069E490 /* PGBaseController+errorView.h */,
				11A1C5571D93B35D0069E490 /* PGBaseController+errorView.m */,
				11C877571D967D9D00546910 /* PGTableBaseController.h */,
				11C877581D967D9D00546910 /* PGTableBaseController.m */,
				11C8777D1D96C7DD00546910 /* PGBaseController+pay.h */,
				11C8777E1D96C7DD00546910 /* PGBaseController+pay.m */,
				1190D2A61D9B9AAA00F4DFB4 /* PGWebBaseController.h */,
				1190D2A71D9B9AAA00F4DFB4 /* PGWebBaseController.m */,
			);
			path = base;
			sourceTree = "<group>";
		};
		1134A41E1D922C0A0030B728 /* image */ = {
			isa = PBXGroup;
			children = (
				11C877721D96BACA00546910 /* icon_del_lab@3x.png */,
				11C877611D96B87B00546910 /* icon_close@3x.png */,
				11C877621D96B87B00546910 /* menber_1@3x.png */,
				11C877631D96B87B00546910 /* menber_2@3x.png */,
				11C877641D96B87B00546910 /* menber_top1@3x.png */,
				11C877651D96B87B00546910 /* menber_top2@3x.png */,
				11C877661D96B87B00546910 /* menber_top3@3x.png */,
				11C877671D96B87B00546910 /* menber_top4@3x.png */,
				11A1C5591D93C3D90069E490 /* data_no@3x.png */,
				11A1C55A1D93C3D90069E490 /* no_net@3x.png */,
				1134A44C1D928FE50030B728 /* icon_return@3x.png */,
				1134A44D1D928FE50030B728 /* loading_logo@3x.png */,
				1134A44E1D928FE50030B728 /* loading_round@3x.png */,
			);
			path = image;
			sourceTree = "<group>";
		};
		1134A41F1D922C0A0030B728 /* lib */ = {
			isa = PBXGroup;
			children = (
				1198C6471D9804390084F84D /* JSPatch */,
			);
			path = lib;
			sourceTree = "<group>";
		};
		1134A4201D922C0A0030B728 /* logic */ = {
			isa = PBXGroup;
			children = (
				1198C63F1D9801140084F84D /* patch */,
				1198C6401D9801140084F84D /* pushMsg */,
				11A1C5401D93723C0069E490 /* netRequest */,
				1134A4301D92528E0030B728 /* PGApp.h */,
				1134A4311D92528E0030B728 /* PGApp.m */,
				1134A4331D9254310030B728 /* PGMacroDefHeader.h */,
				1134A4341D9254A10030B728 /* PGConfig.h */,
				1134A43F1D9271770030B728 /* PGUIKitUtil.h */,
				1134A4401D9271770030B728 /* PGUIKitUtil.m */,
				11A1C55D1D93D5310069E490 /* PGContext.h */,
				11A1C55E1D93D5310069E490 /* PGContext.m */,
				11A1C5601D93D5B40069E490 /* PGCacheManager.h */,
				11A1C5611D93D5B40069E490 /* PGCacheManager.m */,
				11C877541D967B5300546910 /* PGTableDataSource.h */,
				11C877551D967B5300546910 /* PGTableDataSource.m */,
				11C8777A1D96C67F00546910 /* PGPayManager.h */,
				11C8777B1D96C67F00546910 /* PGPayManager.m */,
			);
			path = logic;
			sourceTree = "<group>";
		};
		1134A4211D922C0A0030B728 /* model */ = {
			isa = PBXGroup;
			children = (
				11A1C56C1D93DE8F0069E490 /* PGBaseObj.h */,
				11A1C56D1D93DE8F0069E490 /* PGBaseObj.m */,
			);
			path = model;
			sourceTree = "<group>";
		};
		1134A4221D922C0A0030B728 /* ui */ = {
			isa = PBXGroup;
			children = (
				11C9F8301D9A19BC005A1E85 /* refresh */,
				11C8775D1D96B35600546910 /* popupView */,
				1134A4421D9285910030B728 /* waitingView */,
				1134A42C1D9235AB0030B728 /* category */,
				1134A4231D922C0A0030B728 /* tableCell */,
			);
			path = ui;
			sourceTree = "<group>";
		};
		1134A4231D922C0A0030B728 /* tableCell */ = {
			isa = PBXGroup;
			children = (
			);
			path = tableCell;
			sourceTree = "<group>";
		};
		1134A42C1D9235AB0030B728 /* category */ = {
			isa = PBXGroup;
			children = (
				1134A42D1D9236090030B728 /* UIAlertView+action.h */,
				1134A42E1D9236090030B728 /* UIAlertView+action.m */,
			);
			path = category;
			sourceTree = "<group>";
		};
		1134A4351D9266640030B728 /* category */ = {
			isa = PBXGroup;
			children = (
				1134A4361D9266B70030B728 /* UIImage+PGImage.h */,
				1134A4371D9266B70030B728 /* UIImage+PGImage.m */,
				11A1C5531D938A240069E490 /* NSDictionary+parse.h */,
				11A1C5541D938A240069E490 /* NSDictionary+parse.m */,
				11A1C5631D93DCB00069E490 /* NSString+encrypt.h */,
				11A1C5641D93DCB00069E490 /* NSString+encrypt.m */,
				11A1C5661D93DCC90069E490 /* NSString+json.h */,
				11A1C5671D93DCC90069E490 /* NSString+json.m */,
				11A1C5691D93DD200069E490 /* NSString+ruleCheck.h */,
				11A1C56A1D93DD200069E490 /* NSString+ruleCheck.m */,
				11C877771D96BE4000546910 /* UIColor+darken.h */,
				11C877781D96BE4000546910 /* UIColor+darken.m */,
				1190D2A31D9B92F900F4DFB4 /* UIViewController+message.h */,
				1190D2A41D9B92F900F4DFB4 /* UIViewController+message.m */,
			);
			path = category;
			sourceTree = "<group>";
		};
		1134A4391D926C540030B728 /* home */ = {
			isa = PBXGroup;
			children = (
				1134A43C1D926D100030B728 /* PGHomeController.h */,
				1134A43D1D926D100030B728 /* PGHomeController.m */,
				11C8775A1D968BAC00546910 /* PGMsgAndErrorController.h */,
				11C8775B1D968BAC00546910 /* PGMsgAndErrorController.m */,
				11C877741D96BBDA00546910 /* PGOrderTallyController.h */,
				11C877751D96BBDA00546910 /* PGOrderTallyController.m */,
				1198C6361D979E420084F84D /* PGPayController.h */,
				1198C6371D979E420084F84D /* PGPayController.m */,
				1198C6391D979EFC0084F84D /* PGOrderDetailController.h */,
				1198C63A1D979EFC0084F84D /* PGOrderDetailController.m */,
				1198C63C1D97E5650084F84D /* PGNetController.h */,
				1198C63D1D97E5650084F84D /* PGNetController.m */,
				112D32EB1D9CADC900CDB70C /* PGH5JsController.h */,
				112D32EC1D9CADC900CDB70C /* PGH5JsController.m */,
			);
			path = home;
			sourceTree = "<group>";
		};
		1134A43A1D926C540030B728 /* list */ = {
			isa = PBXGroup;
			children = (
			);
			path = list;
			sourceTree = "<group>";
		};
		1134A43B1D926C540030B728 /* setting */ = {
			isa = PBXGroup;
			children = (
			);
			path = setting;
			sourceTree = "<group>";
		};
		1134A4421D9285910030B728 /* waitingView */ = {
			isa = PBXGroup;
			children = (
				1134A4431D9285C10030B728 /* PGWaitingView.h */,
				1134A4441D9285C10030B728 /* PGWaitingView.m */,
				1134A4461D9286180030B728 /* PGCustomWaitingView.h */,
				1134A4471D9286180030B728 /* PGCustomWaitingView.m */,
				1134A4491D92863F0030B728 /* PGRotaionWaitingView.h */,
				1134A44A1D92863F0030B728 /* PGRotaionWaitingView.m */,
			);
			path = waitingView;
			sourceTree = "<group>";
		};
		1190D2A91D9B9CC000F4DFB4 /* jsWeb */ = {
			isa = PBXGroup;
			children = (
				1190D2AA1D9B9CEC00F4DFB4 /* PGJSBaseController.h */,
				1190D2AB1D9B9CEC00F4DFB4 /* PGJSBaseController.m */,
				1190D2AD1D9B9D3700F4DFB4 /* PGJSObject.h */,
				1190D2AE1D9B9D3700F4DFB4 /* PGJSObject.m */,
			);
			path = jsWeb;
			sourceTree = "<group>";
		};
		1198C63F1D9801140084F84D /* patch */ = {
			isa = PBXGroup;
			children = (
				1198C6411D9801690084F84D /* PGPatchManager.h */,
				1198C6421D9801690084F84D /* PGPatchManager.m */,
				1198C6441D9801C90084F84D /* PGPatchObject.h */,
				1198C6451D9801C90084F84D /* PGPatchObject.m */,
			);
			path = patch;
			sourceTree = "<group>";
		};
		1198C6401D9801140084F84D /* pushMsg */ = {
			isa = PBXGroup;
			children = (
				1190D29D1D9B691B00F4DFB4 /* PGApnsManager.h */,
				1190D29E1D9B691B00F4DFB4 /* PGApnsManager.m */,
				1190D2A01D9B6AAB00F4DFB4 /* PGMessageObject.h */,
				1190D2A11D9B6AAB00F4DFB4 /* PGMessageObject.m */,
			);
			path = pushMsg;
			sourceTree = "<group>";
		};
		1198C6471D9804390084F84D /* JSPatch */ = {
			isa = PBXGroup;
			children = (
				1198C6481D9804390084F84D /* JPEngine.h */,
				1198C6491D9804390084F84D /* JPEngine.m */,
				1198C64A1D9804390084F84D /* JSPatch.js */,
			);
			path = JSPatch;
			sourceTree = "<group>";
		};
		11A1C5401D93723C0069E490 /* netRequest */ = {
			isa = PBXGroup;
			children = (
				11A1C5411D9372C40069E490 /* PGHttpClient.h */,
				11A1C5421D9372C40069E490 /* PGHttpClient.m */,
				11A1C5441D9375D40069E490 /* PGAPI.h */,
				11A1C5451D9375D40069E490 /* PGAPI.m */,
				11A1C5471D9375FF0069E490 /* PGRequestManager.h */,
				11A1C5481D9375FF0069E490 /* PGRequestManager.m */,
				11A1C54A1D937C200069E490 /* PGResultObject.h */,
				11A1C54B1D937C200069E490 /* PGResultObject.m */,
				11A1C54D1D937E900069E490 /* PGEncrypt.h */,
				11A1C54E1D937E900069E490 /* PGEncrypt.m */,
				11A1C5501D9380B40069E490 /* PGDataParseManager.h */,
				11A1C5511D9380B40069E490 /* PGDataParseManager.m */,
			);
			path = netRequest;
			sourceTree = "<group>";
		};
		11C8775D1D96B35600546910 /* popupView */ = {
			isa = PBXGroup;
			children = (
				11C8775E1D96B39300546910 /* PGPopupView.h */,
				11C8775F1D96B39300546910 /* PGPopupView.m */,
				11C8776F1D96B9AC00546910 /* PGPaySheetView.h */,
				11C877701D96B9AC00546910 /* PGPaySheetView.m */,
			);
			path = popupView;
			sourceTree = "<group>";
		};
		11C9F8301D9A19BC005A1E85 /* refresh */ = {
			isa = PBXGroup;
			children = (
				11C9F8311D9A3C19005A1E85 /* PGRefreshControl.h */,
				11C9F8321D9A3C19005A1E85 /* PGRefreshControl.m */,
				11C9F8341D9A41C0005A1E85 /* PGRefreshControlHead.h */,
			);
			path = refresh;
			sourceTree = "<group>";
		};
/* End PBXGroup section */

/* Begin PBXNativeTarget section */
		1134A3DC1D9225C00030B728 /* PGFrame */ = {
			isa = PBXNativeTarget;
			buildConfigurationList = 1134A3F41D9225C00030B728 /* Build configuration list for PBXNativeTarget "PGFrame" */;
			buildPhases = (
				1134A3D91D9225C00030B728 /* Sources */,
				1134A3DA1D9225C00030B728 /* Frameworks */,
				1134A3DB1D9225C00030B728 /* Resources */,
			);
			buildRules = (
			);
			dependencies = (
			);
			name = PGFrame;
			productName = PGFrame;
			productReference = 1134A3DD1D9225C00030B728 /* PGFrame.app */;
			productType = "com.apple.product-type.application";
		};
/* End PBXNativeTarget section */

/* Begin PBXProject section */
		1134A3D51D9225C00030B728 /* Project object */ = {
			isa = PBXProject;
			attributes = {
				LastUpgradeCheck = 0720;
				ORGANIZATIONNAME = pangu;
				TargetAttributes = {
					1134A3DC1D9225C00030B728 = {
						CreatedOnToolsVersion = 7.2;
					};
				};
			};
			buildConfigurationList = 1134A3D81D9225C00030B728 /* Build configuration list for PBXProject "PGFrame" */;
			compatibilityVersion = "Xcode 3.2";
			developmentRegion = English;
			hasScannedForEncodings = 0;
			knownRegions = (
				en,
				Base,
			);
			mainGroup = 1134A3D41D9225C00030B728;
			productRefGroup = 1134A3DE1D9225C00030B728 /* Products */;
			projectDirPath = "";
			projectRoot = "";
			targets = (
				1134A3DC1D9225C00030B728 /* PGFrame */,
			);
		};
/* End PBXProject section */

/* Begin PBXResourcesBuildPhase section */
		1134A3DB1D9225C00030B728 /* Resources */ = {
			isa = PBXResourcesBuildPhase;
			buildActionMask = 2147483647;
			files = (
				11C8776B1D96B87B00546910 /* menber_top1@3x.png in Resources */,
				1134A4501D928FE50030B728 /* loading_logo@3x.png in Resources */,
				1134A44F1D928FE50030B728 /* icon_return@3x.png in Resources */,
				11C877691D96B87B00546910 /* menber_1@3x.png in Resources */,
				1134A3F01D9225C00030B728 /* LaunchScreen.storyboard in Resources */,
				1198C64C1D9804390084F84D /* JSPatch.js in Resources */,
				11C8776E1D96B87B00546910 /* menber_top4@3x.png in Resources */,
				1134A3ED1D9225C00030B728 /* Assets.xcassets in Resources */,
				1134A3EB1D9225C00030B728 /* Main.storyboard in Resources */,
				11C8776C1D96B87B00546910 /* menber_top2@3x.png in Resources */,
				11A1C55B1D93C3D90069E490 /* data_no@3x.png in Resources */,
				11A1C55C1D93C3D90069E490 /* no_net@3x.png in Resources */,
				11C877681D96B87B00546910 /* icon_close@3x.png in Resources */,
				11C877731D96BACA00546910 /* icon_del_lab@3x.png in Resources */,
				11C8776A1D96B87B00546910 /* menber_2@3x.png in Resources */,
				11C8776D1D96B87B00546910 /* menber_top3@3x.png in Resources */,
				1134A4511D928FE50030B728 /* loading_round@3x.png in Resources */,
			);
			runOnlyForDeploymentPostprocessing = 0;
		};
/* End PBXResourcesBuildPhase section */

/* Begin PBXSourcesBuildPhase section */
		1134A3D91D9225C00030B728 /* Sources */ = {
			isa = PBXSourcesBuildPhase;
			buildActionMask = 2147483647;
			files = (
				11C877711D96B9AC00546910 /* PGPaySheetView.m in Sources */,
				11A1C56E1D93DE8F0069E490 /* PGBaseObj.m in Sources */,
				11A1C5681D93DCC90069E490 /* NSString+json.m in Sources */,
				11A1C54F1D937E900069E490 /* PGEncrypt.m in Sources */,
				1190D2A21D9B6AAB00F4DFB4 /* PGMessageObject.m in Sources */,
				11C8775C1D968BAC00546910 /* PGMsgAndErrorController.m in Sources */,
				11A1C5461D9375D40069E490 /* PGAPI.m in Sources */,
				1134A42B1D922EA50030B728 /* PGNavigationController.m in Sources */,
				11A1C5431D9372C40069E490 /* PGHttpClient.m in Sources */,
				11C877791D96BE4000546910 /* UIColor+darken.m in Sources */,
				1190D2A81D9B9AAA00F4DFB4 /* PGWebBaseController.m in Sources */,
				1134A4381D9266B70030B728 /* UIImage+PGImage.m in Sources */,
				11A1C5651D93DCB00069E490 /* NSString+encrypt.m in Sources */,
				1134A4281D922C7A0030B728 /* PGBaseController.m in Sources */,
				11A1C56B1D93DD200069E490 /* NSString+ruleCheck.m in Sources */,
				1198C6431D9801690084F84D /* PGPatchManager.m in Sources */,
				1198C6461D9801C90084F84D /* PGPatchObject.m in Sources */,
				1134A4321D92528E0030B728 /* PGApp.m in Sources */,
				1190D2AC1D9B9CEC00F4DFB4 /* PGJSBaseController.m in Sources */,
				1134A4451D9285C10030B728 /* PGWaitingView.m in Sources */,
				11C877601D96B39300546910 /* PGPopupView.m in Sources */,
				1198C63B1D979EFC0084F84D /* PGOrderDetailController.m in Sources */,
				11A1C5551D938A240069E490 /* NSDictionary+parse.m in Sources */,
				11A1C54C1D937C200069E490 /* PGResultObject.m in Sources */,
				1198C64B1D9804390084F84D /* JPEngine.m in Sources */,
				11C9F8331D9A3C19005A1E85 /* PGRefreshControl.m in Sources */,
				112D32ED1D9CADC900CDB70C /* PGH5JsController.m in Sources */,
				1134A3E81D9225C00030B728 /* ViewController.m in Sources */,
				1198C6381D979E420084F84D /* PGPayController.m in Sources */,
				11C877591D967D9D00546910 /* PGTableBaseController.m in Sources */,
				11C8777C1D96C67F00546910 /* PGPayManager.m in Sources */,
				11A1C5491D9375FF0069E490 /* PGRequestManager.m in Sources */,
				11C877761D96BBDA00546910 /* PGOrderTallyController.m in Sources */,
				1134A3E51D9225C00030B728 /* AppDelegate.m in Sources */,
				1190D29F1D9B691B00F4DFB4 /* PGApnsManager.m in Sources */,
				1134A42F1D9236090030B728 /* UIAlertView+action.m in Sources */,
				11A1C5521D9380B40069E490 /* PGDataParseManager.m in Sources */,
				11A1C5581D93B35D0069E490 /* PGBaseController+errorView.m in Sources */,
				1134A4481D9286180030B728 /* PGCustomWaitingView.m in Sources */,
				1190D2A51D9B92F900F4DFB4 /* UIViewController+message.m in Sources */,
				1134A44B1D92863F0030B728 /* PGRotaionWaitingView.m in Sources */,
				1134A3E21D9225C00030B728 /* main.m in Sources */,
				1134A43E1D926D100030B728 /* PGHomeController.m in Sources */,
				1198C63E1D97E5650084F84D /* PGNetController.m in Sources */,
				11C877561D967B5300546910 /* PGTableDataSource.m in Sources */,
				11C8777F1D96C7DD00546910 /* PGBaseController+pay.m in Sources */,
				11A1C5621D93D5B40069E490 /* PGCacheManager.m in Sources */,
				11A1C55F1D93D5310069E490 /* PGContext.m in Sources */,
				1190D2AF1D9B9D3700F4DFB4 /* PGJSObject.m in Sources */,
				1134A4411D9271770030B728 /* PGUIKitUtil.m in Sources */,
			);
			runOnlyForDeploymentPostprocessing = 0;
		};
/* End PBXSourcesBuildPhase section */

/* Begin PBXVariantGroup section */
		1134A3E91D9225C00030B728 /* Main.storyboard */ = {
			isa = PBXVariantGroup;
			children = (
				1134A3EA1D9225C00030B728 /* Base */,
			);
			name = Main.storyboard;
			sourceTree = "<group>";
		};
		1134A3EE1D9225C00030B728 /* LaunchScreen.storyboard */ = {
			isa = PBXVariantGroup;
			children = (
				1134A3EF1D9225C00030B728 /* Base */,
			);
			name = LaunchScreen.storyboard;
			sourceTree = "<group>";
		};
/* End PBXVariantGroup section */

/* Begin XCBuildConfiguration section */
		1134A3F21D9225C00030B728 /* Debug */ = {
			isa = XCBuildConfiguration;
			buildSettings = {
				ALWAYS_SEARCH_USER_PATHS = NO;
				CLANG_CXX_LANGUAGE_STANDARD = "gnu++0x";
				CLANG_CXX_LIBRARY = "libc++";
				CLANG_ENABLE_MODULES = YES;
				CLANG_ENABLE_OBJC_ARC = YES;
				CLANG_WARN_BOOL_CONVERSION = YES;
				CLANG_WARN_CONSTANT_CONVERSION = YES;
				CLANG_WARN_DIRECT_OBJC_ISA_USAGE = YES_ERROR;
				CLANG_WARN_EMPTY_BODY = YES;
				CLANG_WARN_ENUM_CONVERSION = YES;
				CLANG_WARN_INT_CONVERSION = YES;
				CLANG_WARN_OBJC_ROOT_CLASS = YES_ERROR;
				CLANG_WARN_UNREACHABLE_CODE = YES;
				CLANG_WARN__DUPLICATE_METHOD_MATCH = YES;
				"CODE_SIGN_IDENTITY[sdk=iphoneos*]" = "iPhone Developer";
				COPY_PHASE_STRIP = NO;
				DEBUG_INFORMATION_FORMAT = dwarf;
				ENABLE_STRICT_OBJC_MSGSEND = YES;
				ENABLE_TESTABILITY = YES;
				GCC_C_LANGUAGE_STANDARD = gnu99;
				GCC_DYNAMIC_NO_PIC = NO;
				GCC_NO_COMMON_BLOCKS = YES;
				GCC_OPTIMIZATION_LEVEL = 0;
				GCC_PREPROCESSOR_DEFINITIONS = (
					"DEBUG=1",
					"$(inherited)",
				);
				GCC_WARN_64_TO_32_BIT_CONVERSION = YES;
				GCC_WARN_ABOUT_RETURN_TYPE = YES_ERROR;
				GCC_WARN_UNDECLARED_SELECTOR = YES;
				GCC_WARN_UNINITIALIZED_AUTOS = YES_AGGRESSIVE;
				GCC_WARN_UNUSED_FUNCTION = YES;
				GCC_WARN_UNUSED_VARIABLE = YES;
				IPHONEOS_DEPLOYMENT_TARGET = 9.2;
				MTL_ENABLE_DEBUG_INFO = YES;
				ONLY_ACTIVE_ARCH = YES;
				SDKROOT = iphoneos;
			};
			name = Debug;
		};
		1134A3F31D9225C00030B728 /* Release */ = {
			isa = XCBuildConfiguration;
			buildSettings = {
				ALWAYS_SEARCH_USER_PATHS = NO;
				CLANG_CXX_LANGUAGE_STANDARD = "gnu++0x";
				CLANG_CXX_LIBRARY = "libc++";
				CLANG_ENABLE_MODULES = YES;
				CLANG_ENABLE_OBJC_ARC = YES;
				CLANG_WARN_BOOL_CONVERSION = YES;
				CLANG_WARN_CONSTANT_CONVERSION = YES;
				CLANG_WARN_DIRECT_OBJC_ISA_USAGE = YES_ERROR;
				CLANG_WARN_EMPTY_BODY = YES;
				CLANG_WARN_ENUM_CONVERSION = YES;
				CLANG_WARN_INT_CONVERSION = YES;
				CLANG_WARN_OBJC_ROOT_CLASS = YES_ERROR;
				CLANG_WARN_UNREACHABLE_CODE = YES;
				CLANG_WARN__DUPLICATE_METHOD_MATCH = YES;
				"CODE_SIGN_IDENTITY[sdk=iphoneos*]" = "iPhone Developer";
				COPY_PHASE_STRIP = NO;
				DEBUG_INFORMATION_FORMAT = "dwarf-with-dsym";
				ENABLE_NS_ASSERTIONS = NO;
				ENABLE_STRICT_OBJC_MSGSEND = YES;
				GCC_C_LANGUAGE_STANDARD = gnu99;
				GCC_NO_COMMON_BLOCKS = YES;
				GCC_WARN_64_TO_32_BIT_CONVERSION = YES;
				GCC_WARN_ABOUT_RETURN_TYPE = YES_ERROR;
				GCC_WARN_UNDECLARED_SELECTOR = YES;
				GCC_WARN_UNINITIALIZED_AUTOS = YES_AGGRESSIVE;
				GCC_WARN_UNUSED_FUNCTION = YES;
				GCC_WARN_UNUSED_VARIABLE = YES;
				IPHONEOS_DEPLOYMENT_TARGET = 9.2;
				MTL_ENABLE_DEBUG_INFO = NO;
				SDKROOT = iphoneos;
				VALIDATE_PRODUCT = YES;
			};
			name = Release;
		};
		1134A3F51D9225C00030B728 /* Debug */ = {
			isa = XCBuildConfiguration;
			buildSettings = {
				ASSETCATALOG_COMPILER_APPICON_NAME = AppIcon;
				ASSETCATALOG_COMPILER_LAUNCHIMAGE_NAME = "Brand Assets";
				INFOPLIST_FILE = PGFrame/Info.plist;
				IPHONEOS_DEPLOYMENT_TARGET = 7.0;
				LD_RUNPATH_SEARCH_PATHS = "$(inherited) @executable_path/Frameworks";
				PRODUCT_BUNDLE_IDENTIFIER = com.pangu.PGFrame;
				PRODUCT_NAME = "$(TARGET_NAME)";
			};
			name = Debug;
		};
		1134A3F61D9225C00030B728 /* Release */ = {
			isa = XCBuildConfiguration;
			buildSettings = {
				ASSETCATALOG_COMPILER_APPICON_NAME = AppIcon;
				ASSETCATALOG_COMPILER_LAUNCHIMAGE_NAME = "Brand Assets";
				INFOPLIST_FILE = PGFrame/Info.plist;
				IPHONEOS_DEPLOYMENT_TARGET = 7.0;
				LD_RUNPATH_SEARCH_PATHS = "$(inherited) @executable_path/Frameworks";
				PRODUCT_BUNDLE_IDENTIFIER = com.pangu.PGFrame;
				PRODUCT_NAME = "$(TARGET_NAME)";
			};
			name = Release;
		};
/* End XCBuildConfiguration section */

/* Begin XCConfigurationList section */
		1134A3D81D9225C00030B728 /* Build configuration list for PBXProject "PGFrame" */ = {
			isa = XCConfigurationList;
			buildConfigurations = (
				1134A3F21D9225C00030B728 /* Debug */,
				1134A3F31D9225C00030B728 /* Release */,
			);
			defaultConfigurationIsVisible = 0;
			defaultConfigurationName = Release;
		};
		1134A3F41D9225C00030B728 /* Build configuration list for PBXNativeTarget "PGFrame" */ = {
			isa = XCConfigurationList;
			buildConfigurations = (
				1134A3F51D9225C00030B728 /* Debug */,
				1134A3F61D9225C00030B728 /* Release */,
			);
			defaultConfigurationIsVisible = 0;
			defaultConfigurationName = Release;
		};
/* End XCConfigurationList section */
	};
	rootObject = 1134A3D51D9225C00030B728 /* Project object */;
}
