// !$*UTF8*$!
{
	archiveVersion = 1;
	classes = {
	};
	objectVersion = 46;
	objects = {

/* Begin PBXBuildFile section */
		116ED2B91DC88D2A003F2BB2 /* AppDelegate.m in Sources */ = {isa = PBXBuildFile; fileRef = 116ED2AE1DC88D2A003F2BB2 /* AppDelegate.m */; };
		116ED2BA1DC88D2A003F2BB2 /* Assets.xcassets in Resources */ = {isa = PBXBuildFile; fileRef = 116ED2AF1DC88D2A003F2BB2 /* Assets.xcassets */; };
		116ED2BB1DC88D2A003F2BB2 /* LaunchScreen.storyboard in Resources */ = {isa = PBXBuildFile; fileRef = 116ED2B01DC88D2A003F2BB2 /* LaunchScreen.storyboard */; };
		116ED2BC1DC88D2A003F2BB2 /* Main.storyboard in Resources */ = {isa = PBXBuildFile; fileRef = 116ED2B21DC88D2A003F2BB2 /* Main.storyboard */; };
		116ED2BE1DC88D2A003F2BB2 /* main.m in Sources */ = {isa = PBXBuildFile; fileRef = 116ED2B51DC88D2A003F2BB2 /* main.m */; };
		116ED2BF1DC88D2A003F2BB2 /* nativeInteraction.html in Resources */ = {isa = PBXBuildFile; fileRef = 116ED2B61DC88D2A003F2BB2 /* nativeInteraction.html */; };
		116ED2C01DC88D2A003F2BB2 /* ViewController.m in Sources */ = {isa = PBXBuildFile; fileRef = 116ED2B81DC88D2A003F2BB2 /* ViewController.m */; };
		116ED3611DC88EE6003F2BB2 /* NSDate+PGDateExtend.m in Sources */ = {isa = PBXBuildFile; fileRef = 116ED2D81DC88EE6003F2BB2 /* NSDate+PGDateExtend.m */; };
		116ED3621DC88EE6003F2BB2 /* NSDictionary+parse.m in Sources */ = {isa = PBXBuildFile; fileRef = 116ED2DA1DC88EE6003F2BB2 /* NSDictionary+parse.m */; };
		116ED3631DC88EE6003F2BB2 /* NSString+encrypt.m in Sources */ = {isa = PBXBuildFile; fileRef = 116ED2DC1DC88EE6003F2BB2 /* NSString+encrypt.m */; };
		116ED3641DC88EE6003F2BB2 /* NSString+json.m in Sources */ = {isa = PBXBuildFile; fileRef = 116ED2DE1DC88EE6003F2BB2 /* NSString+json.m */; };
		116ED3651DC88EE6003F2BB2 /* NSString+ruleCheck.m in Sources */ = {isa = PBXBuildFile; fileRef = 116ED2E01DC88EE6003F2BB2 /* NSString+ruleCheck.m */; };
		116ED3661DC88EE6003F2BB2 /* UIAlertView+action.m in Sources */ = {isa = PBXBuildFile; fileRef = 116ED2E21DC88EE6003F2BB2 /* UIAlertView+action.m */; };
		116ED3671DC88EE6003F2BB2 /* UIColor+darken.m in Sources */ = {isa = PBXBuildFile; fileRef = 116ED2E41DC88EE6003F2BB2 /* UIColor+darken.m */; };
		116ED3681DC88EE6003F2BB2 /* UIImage+PGImage.m in Sources */ = {isa = PBXBuildFile; fileRef = 116ED2E61DC88EE6003F2BB2 /* UIImage+PGImage.m */; };
		116ED3691DC88EE6003F2BB2 /* UIViewController+message.m in Sources */ = {isa = PBXBuildFile; fileRef = 116ED2E81DC88EE6003F2BB2 /* UIViewController+message.m */; };
		116ED36A1DC88EE6003F2BB2 /* PGJSBaseController.m in Sources */ = {isa = PBXBuildFile; fileRef = 116ED2EC1DC88EE6003F2BB2 /* PGJSBaseController.m */; };
		116ED36B1DC88EE6003F2BB2 /* PGJSObject.m in Sources */ = {isa = PBXBuildFile; fileRef = 116ED2EE1DC88EE6003F2BB2 /* PGJSObject.m */; };
		116ED36C1DC88EE6003F2BB2 /* PGBaseController+errorView.m in Sources */ = {isa = PBXBuildFile; fileRef = 116ED2F01DC88EE6003F2BB2 /* PGBaseController+errorView.m */; };
		116ED36D1DC88EE6003F2BB2 /* PGBaseController+pay.m in Sources */ = {isa = PBXBuildFile; fileRef = 116ED2F21DC88EE6003F2BB2 /* PGBaseController+pay.m */; };
		116ED36E1DC88EE6003F2BB2 /* PGBaseController.m in Sources */ = {isa = PBXBuildFile; fileRef = 116ED2F41DC88EE6003F2BB2 /* PGBaseController.m */; };
		116ED36F1DC88EE6003F2BB2 /* PGNavigationController.m in Sources */ = {isa = PBXBuildFile; fileRef = 116ED2F61DC88EE6003F2BB2 /* PGNavigationController.m */; };
		116ED3701DC88EE6003F2BB2 /* PGTableBaseController.m in Sources */ = {isa = PBXBuildFile; fileRef = 116ED2F81DC88EE6003F2BB2 /* PGTableBaseController.m */; };
		116ED3711DC88EE6003F2BB2 /* PGWebBaseController.m in Sources */ = {isa = PBXBuildFile; fileRef = 116ED2FA1DC88EE6003F2BB2 /* PGWebBaseController.m */; };
		116ED3721DC88EE6003F2BB2 /* data_no@3x.png in Resources */ = {isa = PBXBuildFile; fileRef = 116ED2FC1DC88EE6003F2BB2 /* data_no@3x.png */; };
		116ED3731DC88EE6003F2BB2 /* icon_close@3x.png in Resources */ = {isa = PBXBuildFile; fileRef = 116ED2FD1DC88EE6003F2BB2 /* icon_close@3x.png */; };
		116ED3741DC88EE6003F2BB2 /* icon_del_lab@3x.png in Resources */ = {isa = PBXBuildFile; fileRef = 116ED2FE1DC88EE6003F2BB2 /* icon_del_lab@3x.png */; };
		116ED3751DC88EE6003F2BB2 /* icon_return@3x.png in Resources */ = {isa = PBXBuildFile; fileRef = 116ED2FF1DC88EE6003F2BB2 /* icon_return@3x.png */; };
		116ED3761DC88EE6003F2BB2 /* loading_logo@3x.png in Resources */ = {isa = PBXBuildFile; fileRef = 116ED3001DC88EE6003F2BB2 /* loading_logo@3x.png */; };
		116ED3771DC88EE6003F2BB2 /* loading_round@3x.png in Resources */ = {isa = PBXBuildFile; fileRef = 116ED3011DC88EE6003F2BB2 /* loading_round@3x.png */; };
		116ED3781DC88EE6003F2BB2 /* menber_1@3x.png in Resources */ = {isa = PBXBuildFile; fileRef = 116ED3021DC88EE6003F2BB2 /* menber_1@3x.png */; };
		116ED3791DC88EE6003F2BB2 /* menber_2@3x.png in Resources */ = {isa = PBXBuildFile; fileRef = 116ED3031DC88EE6003F2BB2 /* menber_2@3x.png */; };
		116ED37A1DC88EE6003F2BB2 /* menber_top1@3x.png in Resources */ = {isa = PBXBuildFile; fileRef = 116ED3041DC88EE6003F2BB2 /* menber_top1@3x.png */; };
		116ED37B1DC88EE6003F2BB2 /* menber_top2@3x.png in Resources */ = {isa = PBXBuildFile; fileRef = 116ED3051DC88EE6003F2BB2 /* menber_top2@3x.png */; };
		116ED37C1DC88EE6003F2BB2 /* menber_top3@3x.png in Resources */ = {isa = PBXBuildFile; fileRef = 116ED3061DC88EE6003F2BB2 /* menber_top3@3x.png */; };
		116ED37D1DC88EE6003F2BB2 /* menber_top4@3x.png in Resources */ = {isa = PBXBuildFile; fileRef = 116ED3071DC88EE6003F2BB2 /* menber_top4@3x.png */; };
		116ED37E1DC88EE6003F2BB2 /* no_net@3x.png in Resources */ = {isa = PBXBuildFile; fileRef = 116ED3081DC88EE6003F2BB2 /* no_net@3x.png */; };
		116ED37F1DC88EE6003F2BB2 /* refreshRatate@3x.png in Resources */ = {isa = PBXBuildFile; fileRef = 116ED3091DC88EE6003F2BB2 /* refreshRatate@3x.png */; };
		116ED3801DC88EE6003F2BB2 /* JPEngine.m in Sources */ = {isa = PBXBuildFile; fileRef = 116ED30D1DC88EE6003F2BB2 /* JPEngine.m */; };
		116ED3811DC88EE6003F2BB2 /* JSPatch.js in Resources */ = {isa = PBXBuildFile; fileRef = 116ED30E1DC88EE6003F2BB2 /* JSPatch.js */; };
		116ED3821DC88EE6003F2BB2 /* PGAnimationGroup.m in Sources */ = {isa = PBXBuildFile; fileRef = 116ED3111DC88EE6003F2BB2 /* PGAnimationGroup.m */; };
		116ED3831DC88EE6003F2BB2 /* PGAnimationItem.m in Sources */ = {isa = PBXBuildFile; fileRef = 116ED3131DC88EE6003F2BB2 /* PGAnimationItem.m */; };
		116ED3841DC88EE6003F2BB2 /* PGAnimationSequence.m in Sources */ = {isa = PBXBuildFile; fileRef = 116ED3151DC88EE6003F2BB2 /* PGAnimationSequence.m */; };
		116ED3851DC88EE6003F2BB2 /* Reachability.m in Sources */ = {isa = PBXBuildFile; fileRef = 116ED3181DC88EE6003F2BB2 /* Reachability.m */; };
		116ED3861DC88EE6003F2BB2 /* PGAPI.m in Sources */ = {isa = PBXBuildFile; fileRef = 116ED31C1DC88EE6003F2BB2 /* PGAPI.m */; };
		116ED3871DC88EE6003F2BB2 /* PGDataParseManager.m in Sources */ = {isa = PBXBuildFile; fileRef = 116ED31E1DC88EE6003F2BB2 /* PGDataParseManager.m */; };
		116ED3881DC88EE6003F2BB2 /* PGEncrypt.m in Sources */ = {isa = PBXBuildFile; fileRef = 116ED3201DC88EE6003F2BB2 /* PGEncrypt.m */; };
		116ED3891DC88EE6003F2BB2 /* PGHttpClient.m in Sources */ = {isa = PBXBuildFile; fileRef = 116ED3221DC88EE6003F2BB2 /* PGHttpClient.m */; };
		116ED38A1DC88EE6003F2BB2 /* PGRequestManager.m in Sources */ = {isa = PBXBuildFile; fileRef = 116ED3241DC88EE6003F2BB2 /* PGRequestManager.m */; };
		116ED38B1DC88EE6003F2BB2 /* PGResultObject.m in Sources */ = {isa = PBXBuildFile; fileRef = 116ED3261DC88EE6003F2BB2 /* PGResultObject.m */; };
		116ED38C1DC88EE6003F2BB2 /* PGPatchManager.m in Sources */ = {isa = PBXBuildFile; fileRef = 116ED3291DC88EE6003F2BB2 /* PGPatchManager.m */; };
		116ED38D1DC88EE6003F2BB2 /* PGPatchObject.m in Sources */ = {isa = PBXBuildFile; fileRef = 116ED32B1DC88EE6003F2BB2 /* PGPatchObject.m */; };
		116ED38E1DC88EE6003F2BB2 /* PGApp.m in Sources */ = {isa = PBXBuildFile; fileRef = 116ED32D1DC88EE6003F2BB2 /* PGApp.m */; };
		116ED38F1DC88EE6003F2BB2 /* PGCacheManager.m in Sources */ = {isa = PBXBuildFile; fileRef = 116ED32F1DC88EE6003F2BB2 /* PGCacheManager.m */; };
		116ED3901DC88EE6003F2BB2 /* PGContext.m in Sources */ = {isa = PBXBuildFile; fileRef = 116ED3321DC88EE6003F2BB2 /* PGContext.m */; };
		116ED3911DC88EE6003F2BB2 /* PGPayManager.m in Sources */ = {isa = PBXBuildFile; fileRef = 116ED3361DC88EE6003F2BB2 /* PGPayManager.m */; };
		116ED3921DC88EE6003F2BB2 /* PGTableDataSource.m in Sources */ = {isa = PBXBuildFile; fileRef = 116ED3381DC88EE6003F2BB2 /* PGTableDataSource.m */; };
		116ED3931DC88EE6003F2BB2 /* PGUIKitUtil.m in Sources */ = {isa = PBXBuildFile; fileRef = 116ED33A1DC88EE6003F2BB2 /* PGUIKitUtil.m */; };
		116ED3941DC88EE6003F2BB2 /* PGApnsManager.m in Sources */ = {isa = PBXBuildFile; fileRef = 116ED33D1DC88EE6003F2BB2 /* PGApnsManager.m */; };
		116ED3951DC88EE6003F2BB2 /* PGMessageObject.m in Sources */ = {isa = PBXBuildFile; fileRef = 116ED33F1DC88EE6003F2BB2 /* PGMessageObject.m */; };
		116ED3961DC88EE6003F2BB2 /* PGVersionManager.m in Sources */ = {isa = PBXBuildFile; fileRef = 116ED3421DC88EE6003F2BB2 /* PGVersionManager.m */; };
		116ED3971DC88EE6003F2BB2 /* PGVersionObject.m in Sources */ = {isa = PBXBuildFile; fileRef = 116ED3441DC88EE6003F2BB2 /* PGVersionObject.m */; };
		116ED3981DC88EE6003F2BB2 /* PGBaseObj.m in Sources */ = {isa = PBXBuildFile; fileRef = 116ED3471DC88EE6003F2BB2 /* PGBaseObj.m */; };
		116ED3991DC88EE6003F2BB2 /* PGPaySheetView.m in Sources */ = {isa = PBXBuildFile; fileRef = 116ED34B1DC88EE6003F2BB2 /* PGPaySheetView.m */; };
		116ED39A1DC88EE6003F2BB2 /* PGPopupView.m in Sources */ = {isa = PBXBuildFile; fileRef = 116ED34D1DC88EE6003F2BB2 /* PGPopupView.m */; };
		116ED39B1DC88EE6003F2BB2 /* PGBaseMoreView.m in Sources */ = {isa = PBXBuildFile; fileRef = 116ED3501DC88EE6003F2BB2 /* PGBaseMoreView.m */; };
		116ED39C1DC88EE6003F2BB2 /* PGBaseRefreshView.m in Sources */ = {isa = PBXBuildFile; fileRef = 116ED3521DC88EE6003F2BB2 /* PGBaseRefreshView.m */; };
		116ED39D1DC88EE6003F2BB2 /* PGRefreshRotate.m in Sources */ = {isa = PBXBuildFile; fileRef = 116ED3541DC88EE6003F2BB2 /* PGRefreshRotate.m */; };
		116ED39E1DC88EE6003F2BB2 /* PGSimpleMoreView.m in Sources */ = {isa = PBXBuildFile; fileRef = 116ED3561DC88EE6003F2BB2 /* PGSimpleMoreView.m */; };
		116ED39F1DC88EE6003F2BB2 /* UIScrollView+refresh.m in Sources */ = {isa = PBXBuildFile; fileRef = 116ED3581DC88EE6003F2BB2 /* UIScrollView+refresh.m */; };
		116ED3A01DC88EE6003F2BB2 /* PGCustomWaitingView.m in Sources */ = {isa = PBXBuildFile; fileRef = 116ED35C1DC88EE6003F2BB2 /* PGCustomWaitingView.m */; };
		116ED3A11DC88EE6003F2BB2 /* PGRotaionWaitingView.m in Sources */ = {isa = PBXBuildFile; fileRef = 116ED35E1DC88EE6003F2BB2 /* PGRotaionWaitingView.m */; };
		116ED3A21DC88EE6003F2BB2 /* PGWaitingView.m in Sources */ = {isa = PBXBuildFile; fileRef = 116ED3601DC88EE6003F2BB2 /* PGWaitingView.m */; };
		116ED3B61DC88EF5003F2BB2 /* PGH5JsController.m in Sources */ = {isa = PBXBuildFile; fileRef = 116ED3A51DC88EF5003F2BB2 /* PGH5JsController.m */; };
		116ED3B71DC88EF5003F2BB2 /* PGHomeController.m in Sources */ = {isa = PBXBuildFile; fileRef = 116ED3A71DC88EF5003F2BB2 /* PGHomeController.m */; };
		116ED3B81DC88EF5003F2BB2 /* PGMsgAndErrorController.m in Sources */ = {isa = PBXBuildFile; fileRef = 116ED3A91DC88EF5003F2BB2 /* PGMsgAndErrorController.m */; };
		116ED3B91DC88EF5003F2BB2 /* PGNetController.m in Sources */ = {isa = PBXBuildFile; fileRef = 116ED3AB1DC88EF5003F2BB2 /* PGNetController.m */; };
		116ED3BA1DC88EF5003F2BB2 /* PGOrderDetailController.m in Sources */ = {isa = PBXBuildFile; fileRef = 116ED3AD1DC88EF5003F2BB2 /* PGOrderDetailController.m */; };
		116ED3BB1DC88EF5003F2BB2 /* PGOrderTallyController.m in Sources */ = {isa = PBXBuildFile; fileRef = 116ED3AF1DC88EF5003F2BB2 /* PGOrderTallyController.m */; };
		116ED3BC1DC88EF5003F2BB2 /* PGPayController.m in Sources */ = {isa = PBXBuildFile; fileRef = 116ED3B11DC88EF5003F2BB2 /* PGPayController.m */; };
		116ED3BD1DC88EF5003F2BB2 /* PGRefreshController.m in Sources */ = {isa = PBXBuildFile; fileRef = 116ED3B31DC88EF5003F2BB2 /* PGRefreshController.m */; };
		E819649B8D841F474E1EFC90 /* libPods-PGFrame.a in Frameworks */ = {isa = PBXBuildFile; fileRef = ACF69EC83EB3AFC6A3584BC9 /* libPods-PGFrame.a */; };
/* End PBXBuildFile section */

/* Begin PBXFileReference section */
		0654A0A7635C9105FA3DC127 /* Pods-PGFrame.release.xcconfig */ = {isa = PBXFileReference; includeInIndex = 1; lastKnownFileType = text.xcconfig; name = "Pods-PGFrame.release.xcconfig"; path = "Pods/Target Support Files/Pods-PGFrame/Pods-PGFrame.release.xcconfig"; sourceTree = "<group>"; };
		09AEF4ADA982D24319A1CC0C /* Pods-PGFrame.debug.xcconfig */ = {isa = PBXFileReference; includeInIndex = 1; lastKnownFileType = text.xcconfig; name = "Pods-PGFrame.debug.xcconfig"; path = "Pods/Target Support Files/Pods-PGFrame/Pods-PGFrame.debug.xcconfig"; sourceTree = "<group>"; };
		1134A3DD1D9225C00030B728 /* PGFrame.app */ = {isa = PBXFileReference; explicitFileType = wrapper.application; includeInIndex = 0; path = PGFrame.app; sourceTree = BUILT_PRODUCTS_DIR; };
		116ED2AD1DC88D2A003F2BB2 /* AppDelegate.h */ = {isa = PBXFileReference; fileEncoding = 4; lastKnownFileType = sourcecode.c.h; path = AppDelegate.h; sourceTree = "<group>"; };
		116ED2AE1DC88D2A003F2BB2 /* AppDelegate.m */ = {isa = PBXFileReference; fileEncoding = 4; lastKnownFileType = sourcecode.c.objc; path = AppDelegate.m; sourceTree = "<group>"; };
		116ED2AF1DC88D2A003F2BB2 /* Assets.xcassets */ = {isa = PBXFileReference; lastKnownFileType = folder.assetcatalog; path = Assets.xcassets; sourceTree = "<group>"; };
		116ED2B11DC88D2A003F2BB2 /* Base */ = {isa = PBXFileReference; lastKnownFileType = file.storyboard; name = Base; path = Base.lproj/LaunchScreen.storyboard; sourceTree = "<group>"; };
		116ED2B31DC88D2A003F2BB2 /* Base */ = {isa = PBXFileReference; lastKnownFileType = file.storyboard; name = Base; path = Base.lproj/Main.storyboard; sourceTree = "<group>"; };
		116ED2B41DC88D2A003F2BB2 /* Info.plist */ = {isa = PBXFileReference; fileEncoding = 4; lastKnownFileType = text.plist.xml; path = Info.plist; sourceTree = "<group>"; };
		116ED2B51DC88D2A003F2BB2 /* main.m */ = {isa = PBXFileReference; fileEncoding = 4; lastKnownFileType = sourcecode.c.objc; path = main.m; sourceTree = "<group>"; };
		116ED2B61DC88D2A003F2BB2 /* nativeInteraction.html */ = {isa = PBXFileReference; fileEncoding = 4; lastKnownFileType = text.html; path = nativeInteraction.html; sourceTree = "<group>"; };
		116ED2B71DC88D2A003F2BB2 /* ViewController.h */ = {isa = PBXFileReference; fileEncoding = 4; lastKnownFileType = sourcecode.c.h; path = ViewController.h; sourceTree = "<group>"; };
		116ED2B81DC88D2A003F2BB2 /* ViewController.m */ = {isa = PBXFileReference; fileEncoding = 4; lastKnownFileType = sourcecode.c.objc; path = ViewController.m; sourceTree = "<group>"; };
		116ED2D71DC88EE6003F2BB2 /* NSDate+PGDateExtend.h */ = {isa = PBXFileReference; fileEncoding = 4; lastKnownFileType = sourcecode.c.h; path = "NSDate+PGDateExtend.h"; sourceTree = "<group>"; };
		116ED2D81DC88EE6003F2BB2 /* NSDate+PGDateExtend.m */ = {isa = PBXFileReference; fileEncoding = 4; lastKnownFileType = sourcecode.c.objc; path = "NSDate+PGDateExtend.m"; sourceTree = "<group>"; };
		116ED2D91DC88EE6003F2BB2 /* NSDictionary+parse.h */ = {isa = PBXFileReference; fileEncoding = 4; lastKnownFileType = sourcecode.c.h; path = "NSDictionary+parse.h"; sourceTree = "<group>"; };
		116ED2DA1DC88EE6003F2BB2 /* NSDictionary+parse.m */ = {isa = PBXFileReference; fileEncoding = 4; lastKnownFileType = sourcecode.c.objc; path = "NSDictionary+parse.m"; sourceTree = "<group>"; };
		116ED2DB1DC88EE6003F2BB2 /* NSString+encrypt.h */ = {isa = PBXFileReference; fileEncoding = 4; lastKnownFileType = sourcecode.c.h; path = "NSString+encrypt.h"; sourceTree = "<group>"; };
		116ED2DC1DC88EE6003F2BB2 /* NSString+encrypt.m */ = {isa = PBXFileReference; fileEncoding = 4; lastKnownFileType = sourcecode.c.objc; path = "NSString+encrypt.m"; sourceTree = "<group>"; };
		116ED2DD1DC88EE6003F2BB2 /* NSString+json.h */ = {isa = PBXFileReference; fileEncoding = 4; lastKnownFileType = sourcecode.c.h; path = "NSString+json.h"; sourceTree = "<group>"; };
		116ED2DE1DC88EE6003F2BB2 /* NSString+json.m */ = {isa = PBXFileReference; fileEncoding = 4; lastKnownFileType = sourcecode.c.objc; path = "NSString+json.m"; sourceTree = "<group>"; };
		116ED2DF1DC88EE6003F2BB2 /* NSString+ruleCheck.h */ = {isa = PBXFileReference; fileEncoding = 4; lastKnownFileType = sourcecode.c.h; path = "NSString+ruleCheck.h"; sourceTree = "<group>"; };
		116ED2E01DC88EE6003F2BB2 /* NSString+ruleCheck.m */ = {isa = PBXFileReference; fileEncoding = 4; lastKnownFileType = sourcecode.c.objc; path = "NSString+ruleCheck.m"; sourceTree = "<group>"; };
		116ED2E11DC88EE6003F2BB2 /* UIAlertView+action.h */ = {isa = PBXFileReference; fileEncoding = 4; lastKnownFileType = sourcecode.c.h; path = "UIAlertView+action.h"; sourceTree = "<group>"; };
		116ED2E21DC88EE6003F2BB2 /* UIAlertView+action.m */ = {isa = PBXFileReference; fileEncoding = 4; lastKnownFileType = sourcecode.c.objc; path = "UIAlertView+action.m"; sourceTree = "<group>"; };
		116ED2E31DC88EE6003F2BB2 /* UIColor+darken.h */ = {isa = PBXFileReference; fileEncoding = 4; lastKnownFileType = sourcecode.c.h; path = "UIColor+darken.h"; sourceTree = "<group>"; };
		116ED2E41DC88EE6003F2BB2 /* UIColor+darken.m */ = {isa = PBXFileReference; fileEncoding = 4; lastKnownFileType = sourcecode.c.objc; path = "UIColor+darken.m"; sourceTree = "<group>"; };
		116ED2E51DC88EE6003F2BB2 /* UIImage+PGImage.h */ = {isa = PBXFileReference; fileEncoding = 4; lastKnownFileType = sourcecode.c.h; path = "UIImage+PGImage.h"; sourceTree = "<group>"; };
		116ED2E61DC88EE6003F2BB2 /* UIImage+PGImage.m */ = {isa = PBXFileReference; fileEncoding = 4; lastKnownFileType = sourcecode.c.objc; path = "UIImage+PGImage.m"; sourceTree = "<group>"; };
		116ED2E71DC88EE6003F2BB2 /* UIViewController+message.h */ = {isa = PBXFileReference; fileEncoding = 4; lastKnownFileType = sourcecode.c.h; path = "UIViewController+message.h"; sourceTree = "<group>"; };
		116ED2E81DC88EE6003F2BB2 /* UIViewController+message.m */ = {isa = PBXFileReference; fileEncoding = 4; lastKnownFileType = sourcecode.c.objc; path = "UIViewController+message.m"; sourceTree = "<group>"; };
		116ED2EB1DC88EE6003F2BB2 /* PGJSBaseController.h */ = {isa = PBXFileReference; fileEncoding = 4; lastKnownFileType = sourcecode.c.h; path = PGJSBaseController.h; sourceTree = "<group>"; };
		116ED2EC1DC88EE6003F2BB2 /* PGJSBaseController.m */ = {isa = PBXFileReference; fileEncoding = 4; lastKnownFileType = sourcecode.c.objc; path = PGJSBaseController.m; sourceTree = "<group>"; };
		116ED2ED1DC88EE6003F2BB2 /* PGJSObject.h */ = {isa = PBXFileReference; fileEncoding = 4; lastKnownFileType = sourcecode.c.h; path = PGJSObject.h; sourceTree = "<group>"; };
		116ED2EE1DC88EE6003F2BB2 /* PGJSObject.m */ = {isa = PBXFileReference; fileEncoding = 4; lastKnownFileType = sourcecode.c.objc; path = PGJSObject.m; sourceTree = "<group>"; };
		116ED2EF1DC88EE6003F2BB2 /* PGBaseController+errorView.h */ = {isa = PBXFileReference; fileEncoding = 4; lastKnownFileType = sourcecode.c.h; path = "PGBaseController+errorView.h"; sourceTree = "<group>"; };
		116ED2F01DC88EE6003F2BB2 /* PGBaseController+errorView.m */ = {isa = PBXFileReference; fileEncoding = 4; lastKnownFileType = sourcecode.c.objc; path = "PGBaseController+errorView.m"; sourceTree = "<group>"; };
		116ED2F11DC88EE6003F2BB2 /* PGBaseController+pay.h */ = {isa = PBXFileReference; fileEncoding = 4; lastKnownFileType = sourcecode.c.h; path = "PGBaseController+pay.h"; sourceTree = "<group>"; };
		116ED2F21DC88EE6003F2BB2 /* PGBaseController+pay.m */ = {isa = PBXFileReference; fileEncoding = 4; lastKnownFileType = sourcecode.c.objc; path = "PGBaseController+pay.m"; sourceTree = "<group>"; };
		116ED2F31DC88EE6003F2BB2 /* PGBaseController.h */ = {isa = PBXFileReference; fileEncoding = 4; lastKnownFileType = sourcecode.c.h; path = PGBaseController.h; sourceTree = "<group>"; };
		116ED2F41DC88EE6003F2BB2 /* PGBaseController.m */ = {isa = PBXFileReference; fileEncoding = 4; lastKnownFileType = sourcecode.c.objc; path = PGBaseController.m; sourceTree = "<group>"; };
		116ED2F51DC88EE6003F2BB2 /* PGNavigationController.h */ = {isa = PBXFileReference; fileEncoding = 4; lastKnownFileType = sourcecode.c.h; path = PGNavigationController.h; sourceTree = "<group>"; };
		116ED2F61DC88EE6003F2BB2 /* PGNavigationController.m */ = {isa = PBXFileReference; fileEncoding = 4; lastKnownFileType = sourcecode.c.objc; path = PGNavigationController.m; sourceTree = "<group>"; };
		116ED2F71DC88EE6003F2BB2 /* PGTableBaseController.h */ = {isa = PBXFileReference; fileEncoding = 4; lastKnownFileType = sourcecode.c.h; path = PGTableBaseController.h; sourceTree = "<group>"; };
		116ED2F81DC88EE6003F2BB2 /* PGTableBaseController.m */ = {isa = PBXFileReference; fileEncoding = 4; lastKnownFileType = sourcecode.c.objc; path = PGTableBaseController.m; sourceTree = "<group>"; };
		116ED2F91DC88EE6003F2BB2 /* PGWebBaseController.h */ = {isa = PBXFileReference; fileEncoding = 4; lastKnownFileType = sourcecode.c.h; path = PGWebBaseController.h; sourceTree = "<group>"; };
		116ED2FA1DC88EE6003F2BB2 /* PGWebBaseController.m */ = {isa = PBXFileReference; fileEncoding = 4; lastKnownFileType = sourcecode.c.objc; path = PGWebBaseController.m; sourceTree = "<group>"; };
		116ED2FC1DC88EE6003F2BB2 /* data_no@3x.png */ = {isa = PBXFileReference; lastKnownFileType = image.png; path = "data_no@3x.png"; sourceTree = "<group>"; };
		116ED2FD1DC88EE6003F2BB2 /* icon_close@3x.png */ = {isa = PBXFileReference; lastKnownFileType = image.png; path = "icon_close@3x.png"; sourceTree = "<group>"; };
		116ED2FE1DC88EE6003F2BB2 /* icon_del_lab@3x.png */ = {isa = PBXFileReference; lastKnownFileType = image.png; path = "icon_del_lab@3x.png"; sourceTree = "<group>"; };
		116ED2FF1DC88EE6003F2BB2 /* icon_return@3x.png */ = {isa = PBXFileReference; lastKnownFileType = image.png; path = "icon_return@3x.png"; sourceTree = "<group>"; };
		116ED3001DC88EE6003F2BB2 /* loading_logo@3x.png */ = {isa = PBXFileReference; lastKnownFileType = image.png; path = "loading_logo@3x.png"; sourceTree = "<group>"; };
		116ED3011DC88EE6003F2BB2 /* loading_round@3x.png */ = {isa = PBXFileReference; lastKnownFileType = image.png; path = "loading_round@3x.png"; sourceTree = "<group>"; };
		116ED3021DC88EE6003F2BB2 /* menber_1@3x.png */ = {isa = PBXFileReference; lastKnownFileType = image.png; path = "menber_1@3x.png"; sourceTree = "<group>"; };
		116ED3031DC88EE6003F2BB2 /* menber_2@3x.png */ = {isa = PBXFileReference; lastKnownFileType = image.png; path = "menber_2@3x.png"; sourceTree = "<group>"; };
		116ED3041DC88EE6003F2BB2 /* menber_top1@3x.png */ = {isa = PBXFileReference; lastKnownFileType = image.png; path = "menber_top1@3x.png"; sourceTree = "<group>"; };
		116ED3051DC88EE6003F2BB2 /* menber_top2@3x.png */ = {isa = PBXFileReference; lastKnownFileType = image.png; path = "menber_top2@3x.png"; sourceTree = "<group>"; };
		116ED3061DC88EE6003F2BB2 /* menber_top3@3x.png */ = {isa = PBXFileReference; lastKnownFileType = image.png; path = "menber_top3@3x.png"; sourceTree = "<group>"; };
		116ED3071DC88EE6003F2BB2 /* menber_top4@3x.png */ = {isa = PBXFileReference; lastKnownFileType = image.png; path = "menber_top4@3x.png"; sourceTree = "<group>"; };
		116ED3081DC88EE6003F2BB2 /* no_net@3x.png */ = {isa = PBXFileReference; lastKnownFileType = image.png; path = "no_net@3x.png"; sourceTree = "<group>"; };
		116ED3091DC88EE6003F2BB2 /* refreshRatate@3x.png */ = {isa = PBXFileReference; lastKnownFileType = image.png; path = "refreshRatate@3x.png"; sourceTree = "<group>"; };
		116ED30C1DC88EE6003F2BB2 /* JPEngine.h */ = {isa = PBXFileReference; fileEncoding = 4; lastKnownFileType = sourcecode.c.h; path = JPEngine.h; sourceTree = "<group>"; };
		116ED30D1DC88EE6003F2BB2 /* JPEngine.m */ = {isa = PBXFileReference; fileEncoding = 4; lastKnownFileType = sourcecode.c.objc; path = JPEngine.m; sourceTree = "<group>"; };
		116ED30E1DC88EE6003F2BB2 /* JSPatch.js */ = {isa = PBXFileReference; fileEncoding = 4; lastKnownFileType = sourcecode.javascript; path = JSPatch.js; sourceTree = "<group>"; };
		116ED3101DC88EE6003F2BB2 /* PGAnimationGroup.h */ = {isa = PBXFileReference; fileEncoding = 4; lastKnownFileType = sourcecode.c.h; path = PGAnimationGroup.h; sourceTree = "<group>"; };
		116ED3111DC88EE6003F2BB2 /* PGAnimationGroup.m */ = {isa = PBXFileReference; fileEncoding = 4; lastKnownFileType = sourcecode.c.objc; path = PGAnimationGroup.m; sourceTree = "<group>"; };
		116ED3121DC88EE6003F2BB2 /* PGAnimationItem.h */ = {isa = PBXFileReference; fileEncoding = 4; lastKnownFileType = sourcecode.c.h; path = PGAnimationItem.h; sourceTree = "<group>"; };
		116ED3131DC88EE6003F2BB2 /* PGAnimationItem.m */ = {isa = PBXFileReference; fileEncoding = 4; lastKnownFileType = sourcecode.c.objc; path = PGAnimationItem.m; sourceTree = "<group>"; };
		116ED3141DC88EE6003F2BB2 /* PGAnimationSequence.h */ = {isa = PBXFileReference; fileEncoding = 4; lastKnownFileType = sourcecode.c.h; path = PGAnimationSequence.h; sourceTree = "<group>"; };
		116ED3151DC88EE6003F2BB2 /* PGAnimationSequence.m */ = {isa = PBXFileReference; fileEncoding = 4; lastKnownFileType = sourcecode.c.objc; path = PGAnimationSequence.m; sourceTree = "<group>"; };
		116ED3171DC88EE6003F2BB2 /* Reachability.h */ = {isa = PBXFileReference; fileEncoding = 4; lastKnownFileType = sourcecode.c.h; path = Reachability.h; sourceTree = "<group>"; };
		116ED3181DC88EE6003F2BB2 /* Reachability.m */ = {isa = PBXFileReference; fileEncoding = 4; lastKnownFileType = sourcecode.c.objc; path = Reachability.m; sourceTree = "<group>"; };
		116ED31B1DC88EE6003F2BB2 /* PGAPI.h */ = {isa = PBXFileReference; fileEncoding = 4; lastKnownFileType = sourcecode.c.h; path = PGAPI.h; sourceTree = "<group>"; };
		116ED31C1DC88EE6003F2BB2 /* PGAPI.m */ = {isa = PBXFileReference; fileEncoding = 4; lastKnownFileType = sourcecode.c.objc; path = PGAPI.m; sourceTree = "<group>"; };
		116ED31D1DC88EE6003F2BB2 /* PGDataParseManager.h */ = {isa = PBXFileReference; fileEncoding = 4; lastKnownFileType = sourcecode.c.h; path = PGDataParseManager.h; sourceTree = "<group>"; };
		116ED31E1DC88EE6003F2BB2 /* PGDataParseManager.m */ = {isa = PBXFileReference; fileEncoding = 4; lastKnownFileType = sourcecode.c.objc; path = PGDataParseManager.m; sourceTree = "<group>"; };
		116ED31F1DC88EE6003F2BB2 /* PGEncrypt.h */ = {isa = PBXFileReference; fileEncoding = 4; lastKnownFileType = sourcecode.c.h; path = PGEncrypt.h; sourceTree = "<group>"; };
		116ED3201DC88EE6003F2BB2 /* PGEncrypt.m */ = {isa = PBXFileReference; fileEncoding = 4; lastKnownFileType = sourcecode.c.objc; path = PGEncrypt.m; sourceTree = "<group>"; };
		116ED3211DC88EE6003F2BB2 /* PGHttpClient.h */ = {isa = PBXFileReference; fileEncoding = 4; lastKnownFileType = sourcecode.c.h; path = PGHttpClient.h; sourceTree = "<group>"; };
		116ED3221DC88EE6003F2BB2 /* PGHttpClient.m */ = {isa = PBXFileReference; fileEncoding = 4; lastKnownFileType = sourcecode.c.objc; path = PGHttpClient.m; sourceTree = "<group>"; };
		116ED3231DC88EE6003F2BB2 /* PGRequestManager.h */ = {isa = PBXFileReference; fileEncoding = 4; lastKnownFileType = sourcecode.c.h; path = PGRequestManager.h; sourceTree = "<group>"; };
		116ED3241DC88EE6003F2BB2 /* PGRequestManager.m */ = {isa = PBXFileReference; fileEncoding = 4; lastKnownFileType = sourcecode.c.objc; path = PGRequestManager.m; sourceTree = "<group>"; };
		116ED3251DC88EE6003F2BB2 /* PGResultObject.h */ = {isa = PBXFileReference; fileEncoding = 4; lastKnownFileType = sourcecode.c.h; path = PGResultObject.h; sourceTree = "<group>"; };
		116ED3261DC88EE6003F2BB2 /* PGResultObject.m */ = {isa = PBXFileReference; fileEncoding = 4; lastKnownFileType = sourcecode.c.objc; path = PGResultObject.m; sourceTree = "<group>"; };
		116ED3281DC88EE6003F2BB2 /* PGPatchManager.h */ = {isa = PBXFileReference; fileEncoding = 4; lastKnownFileType = sourcecode.c.h; path = PGPatchManager.h; sourceTree = "<group>"; };
		116ED3291DC88EE6003F2BB2 /* PGPatchManager.m */ = {isa = PBXFileReference; fileEncoding = 4; lastKnownFileType = sourcecode.c.objc; path = PGPatchManager.m; sourceTree = "<group>"; };
		116ED32A1DC88EE6003F2BB2 /* PGPatchObject.h */ = {isa = PBXFileReference; fileEncoding = 4; lastKnownFileType = sourcecode.c.h; path = PGPatchObject.h; sourceTree = "<group>"; };
		116ED32B1DC88EE6003F2BB2 /* PGPatchObject.m */ = {isa = PBXFileReference; fileEncoding = 4; lastKnownFileType = sourcecode.c.objc; path = PGPatchObject.m; sourceTree = "<group>"; };
		116ED32C1DC88EE6003F2BB2 /* PGApp.h */ = {isa = PBXFileReference; fileEncoding = 4; lastKnownFileType = sourcecode.c.h; path = PGApp.h; sourceTree = "<group>"; };
		116ED32D1DC88EE6003F2BB2 /* PGApp.m */ = {isa = PBXFileReference; fileEncoding = 4; lastKnownFileType = sourcecode.c.objc; path = PGApp.m; sourceTree = "<group>"; };
		116ED32E1DC88EE6003F2BB2 /* PGCacheManager.h */ = {isa = PBXFileReference; fileEncoding = 4; lastKnownFileType = sourcecode.c.h; path = PGCacheManager.h; sourceTree = "<group>"; };
		116ED32F1DC88EE6003F2BB2 /* PGCacheManager.m */ = {isa = PBXFileReference; fileEncoding = 4; lastKnownFileType = sourcecode.c.objc; path = PGCacheManager.m; sourceTree = "<group>"; };
		116ED3301DC88EE6003F2BB2 /* PGConfig.h */ = {isa = PBXFileReference; fileEncoding = 4; lastKnownFileType = sourcecode.c.h; path = PGConfig.h; sourceTree = "<group>"; };
		116ED3311DC88EE6003F2BB2 /* PGContext.h */ = {isa = PBXFileReference; fileEncoding = 4; lastKnownFileType = sourcecode.c.h; path = PGContext.h; sourceTree = "<group>"; };
		116ED3321DC88EE6003F2BB2 /* PGContext.m */ = {isa = PBXFileReference; fileEncoding = 4; lastKnownFileType = sourcecode.c.objc; path = PGContext.m; sourceTree = "<group>"; };
		116ED3331DC88EE6003F2BB2 /* PGErrorCode.h */ = {isa = PBXFileReference; fileEncoding = 4; lastKnownFileType = sourcecode.c.h; path = PGErrorCode.h; sourceTree = "<group>"; };
		116ED3341DC88EE6003F2BB2 /* PGMacroDefHeader.h */ = {isa = PBXFileReference; fileEncoding = 4; lastKnownFileType = sourcecode.c.h; path = PGMacroDefHeader.h; sourceTree = "<group>"; };
		116ED3351DC88EE6003F2BB2 /* PGPayManager.h */ = {isa = PBXFileReference; fileEncoding = 4; lastKnownFileType = sourcecode.c.h; path = PGPayManager.h; sourceTree = "<group>"; };
		116ED3361DC88EE6003F2BB2 /* PGPayManager.m */ = {isa = PBXFileReference; fileEncoding = 4; lastKnownFileType = sourcecode.c.objc; path = PGPayManager.m; sourceTree = "<group>"; };
		116ED3371DC88EE6003F2BB2 /* PGTableDataSource.h */ = {isa = PBXFileReference; fileEncoding = 4; lastKnownFileType = sourcecode.c.h; path = PGTableDataSource.h; sourceTree = "<group>"; };
		116ED3381DC88EE6003F2BB2 /* PGTableDataSource.m */ = {isa = PBXFileReference; fileEncoding = 4; lastKnownFileType = sourcecode.c.objc; path = PGTableDataSource.m; sourceTree = "<group>"; };
		116ED3391DC88EE6003F2BB2 /* PGUIKitUtil.h */ = {isa = PBXFileReference; fileEncoding = 4; lastKnownFileType = sourcecode.c.h; path = PGUIKitUtil.h; sourceTree = "<group>"; };
		116ED33A1DC88EE6003F2BB2 /* PGUIKitUtil.m */ = {isa = PBXFileReference; fileEncoding = 4; lastKnownFileType = sourcecode.c.objc; path = PGUIKitUtil.m; sourceTree = "<group>"; };
		116ED33C1DC88EE6003F2BB2 /* PGApnsManager.h */ = {isa = PBXFileReference; fileEncoding = 4; lastKnownFileType = sourcecode.c.h; path = PGApnsManager.h; sourceTree = "<group>"; };
		116ED33D1DC88EE6003F2BB2 /* PGApnsManager.m */ = {isa = PBXFileReference; fileEncoding = 4; lastKnownFileType = sourcecode.c.objc; path = PGApnsManager.m; sourceTree = "<group>"; };
		116ED33E1DC88EE6003F2BB2 /* PGMessageObject.h */ = {isa = PBXFileReference; fileEncoding = 4; lastKnownFileType = sourcecode.c.h; path = PGMessageObject.h; sourceTree = "<group>"; };
		116ED33F1DC88EE6003F2BB2 /* PGMessageObject.m */ = {isa = PBXFileReference; fileEncoding = 4; lastKnownFileType = sourcecode.c.objc; path = PGMessageObject.m; sourceTree = "<group>"; };
		116ED3411DC88EE6003F2BB2 /* PGVersionManager.h */ = {isa = PBXFileReference; fileEncoding = 4; lastKnownFileType = sourcecode.c.h; path = PGVersionManager.h; sourceTree = "<group>"; };
		116ED3421DC88EE6003F2BB2 /* PGVersionManager.m */ = {isa = PBXFileReference; fileEncoding = 4; lastKnownFileType = sourcecode.c.objc; path = PGVersionManager.m; sourceTree = "<group>"; };
		116ED3431DC88EE6003F2BB2 /* PGVersionObject.h */ = {isa = PBXFileReference; fileEncoding = 4; lastKnownFileType = sourcecode.c.h; path = PGVersionObject.h; sourceTree = "<group>"; };
		116ED3441DC88EE6003F2BB2 /* PGVersionObject.m */ = {isa = PBXFileReference; fileEncoding = 4; lastKnownFileType = sourcecode.c.objc; path = PGVersionObject.m; sourceTree = "<group>"; };
		116ED3461DC88EE6003F2BB2 /* PGBaseObj.h */ = {isa = PBXFileReference; fileEncoding = 4; lastKnownFileType = sourcecode.c.h; path = PGBaseObj.h; sourceTree = "<group>"; };
		116ED3471DC88EE6003F2BB2 /* PGBaseObj.m */ = {isa = PBXFileReference; fileEncoding = 4; lastKnownFileType = sourcecode.c.objc; path = PGBaseObj.m; sourceTree = "<group>"; };
		116ED34A1DC88EE6003F2BB2 /* PGPaySheetView.h */ = {isa = PBXFileReference; fileEncoding = 4; lastKnownFileType = sourcecode.c.h; path = PGPaySheetView.h; sourceTree = "<group>"; };
		116ED34B1DC88EE6003F2BB2 /* PGPaySheetView.m */ = {isa = PBXFileReference; fileEncoding = 4; lastKnownFileType = sourcecode.c.objc; path = PGPaySheetView.m; sourceTree = "<group>"; };
		116ED34C1DC88EE6003F2BB2 /* PGPopupView.h */ = {isa = PBXFileReference; fileEncoding = 4; lastKnownFileType = sourcecode.c.h; path = PGPopupView.h; sourceTree = "<group>"; };
		116ED34D1DC88EE6003F2BB2 /* PGPopupView.m */ = {isa = PBXFileReference; fileEncoding = 4; lastKnownFileType = sourcecode.c.objc; path = PGPopupView.m; sourceTree = "<group>"; };
		116ED34F1DC88EE6003F2BB2 /* PGBaseMoreView.h */ = {isa = PBXFileReference; fileEncoding = 4; lastKnownFileType = sourcecode.c.h; path = PGBaseMoreView.h; sourceTree = "<group>"; };
		116ED3501DC88EE6003F2BB2 /* PGBaseMoreView.m */ = {isa = PBXFileReference; fileEncoding = 4; lastKnownFileType = sourcecode.c.objc; path = PGBaseMoreView.m; sourceTree = "<group>"; };
		116ED3511DC88EE6003F2BB2 /* PGBaseRefreshView.h */ = {isa = PBXFileReference; fileEncoding = 4; lastKnownFileType = sourcecode.c.h; path = PGBaseRefreshView.h; sourceTree = "<group>"; };
		116ED3521DC88EE6003F2BB2 /* PGBaseRefreshView.m */ = {isa = PBXFileReference; fileEncoding = 4; lastKnownFileType = sourcecode.c.objc; path = PGBaseRefreshView.m; sourceTree = "<group>"; };
		116ED3531DC88EE6003F2BB2 /* PGRefreshRotate.h */ = {isa = PBXFileReference; fileEncoding = 4; lastKnownFileType = sourcecode.c.h; path = PGRefreshRotate.h; sourceTree = "<group>"; };
		116ED3541DC88EE6003F2BB2 /* PGRefreshRotate.m */ = {isa = PBXFileReference; fileEncoding = 4; lastKnownFileType = sourcecode.c.objc; path = PGRefreshRotate.m; sourceTree = "<group>"; };
		116ED3551DC88EE6003F2BB2 /* PGSimpleMoreView.h */ = {isa = PBXFileReference; fileEncoding = 4; lastKnownFileType = sourcecode.c.h; path = PGSimpleMoreView.h; sourceTree = "<group>"; };
		116ED3561DC88EE6003F2BB2 /* PGSimpleMoreView.m */ = {isa = PBXFileReference; fileEncoding = 4; lastKnownFileType = sourcecode.c.objc; path = PGSimpleMoreView.m; sourceTree = "<group>"; };
		116ED3571DC88EE6003F2BB2 /* UIScrollView+refresh.h */ = {isa = PBXFileReference; fileEncoding = 4; lastKnownFileType = sourcecode.c.h; path = "UIScrollView+refresh.h"; sourceTree = "<group>"; };
		116ED3581DC88EE6003F2BB2 /* UIScrollView+refresh.m */ = {isa = PBXFileReference; fileEncoding = 4; lastKnownFileType = sourcecode.c.objc; path = "UIScrollView+refresh.m"; sourceTree = "<group>"; };
		116ED35B1DC88EE6003F2BB2 /* PGCustomWaitingView.h */ = {isa = PBXFileReference; fileEncoding = 4; lastKnownFileType = sourcecode.c.h; path = PGCustomWaitingView.h; sourceTree = "<group>"; };
		116ED35C1DC88EE6003F2BB2 /* PGCustomWaitingView.m */ = {isa = PBXFileReference; fileEncoding = 4; lastKnownFileType = sourcecode.c.objc; path = PGCustomWaitingView.m; sourceTree = "<group>"; };
		116ED35D1DC88EE6003F2BB2 /* PGRotaionWaitingView.h */ = {isa = PBXFileReference; fileEncoding = 4; lastKnownFileType = sourcecode.c.h; path = PGRotaionWaitingView.h; sourceTree = "<group>"; };
		116ED35E1DC88EE6003F2BB2 /* PGRotaionWaitingView.m */ = {isa = PBXFileReference; fileEncoding = 4; lastKnownFileType = sourcecode.c.objc; path = PGRotaionWaitingView.m; sourceTree = "<group>"; };
		116ED35F1DC88EE6003F2BB2 /* PGWaitingView.h */ = {isa = PBXFileReference; fileEncoding = 4; lastKnownFileType = sourcecode.c.h; path = PGWaitingView.h; sourceTree = "<group>"; };
		116ED3601DC88EE6003F2BB2 /* PGWaitingView.m */ = {isa = PBXFileReference; fileEncoding = 4; lastKnownFileType = sourcecode.c.objc; path = PGWaitingView.m; sourceTree = "<group>"; };
		116ED3A41DC88EF5003F2BB2 /* PGH5JsController.h */ = {isa = PBXFileReference; fileEncoding = 4; lastKnownFileType = sourcecode.c.h; path = PGH5JsController.h; sourceTree = "<group>"; };
		116ED3A51DC88EF5003F2BB2 /* PGH5JsController.m */ = {isa = PBXFileReference; fileEncoding = 4; lastKnownFileType = sourcecode.c.objc; path = PGH5JsController.m; sourceTree = "<group>"; };
		116ED3A61DC88EF5003F2BB2 /* PGHomeController.h */ = {isa = PBXFileReference; fileEncoding = 4; lastKnownFileType = sourcecode.c.h; path = PGHomeController.h; sourceTree = "<group>"; };
		116ED3A71DC88EF5003F2BB2 /* PGHomeController.m */ = {isa = PBXFileReference; fileEncoding = 4; lastKnownFileType = sourcecode.c.objc; path = PGHomeController.m; sourceTree = "<group>"; };
		116ED3A81DC88EF5003F2BB2 /* PGMsgAndErrorController.h */ = {isa = PBXFileReference; fileEncoding = 4; lastKnownFileType = sourcecode.c.h; path = PGMsgAndErrorController.h; sourceTree = "<group>"; };
		116ED3A91DC88EF5003F2BB2 /* PGMsgAndErrorController.m */ = {isa = PBXFileReference; fileEncoding = 4; lastKnownFileType = sourcecode.c.objc; path = PGMsgAndErrorController.m; sourceTree = "<group>"; };
		116ED3AA1DC88EF5003F2BB2 /* PGNetController.h */ = {isa = PBXFileReference; fileEncoding = 4; lastKnownFileType = sourcecode.c.h; path = PGNetController.h; sourceTree = "<group>"; };
		116ED3AB1DC88EF5003F2BB2 /* PGNetController.m */ = {isa = PBXFileReference; fileEncoding = 4; lastKnownFileType = sourcecode.c.objc; path = PGNetController.m; sourceTree = "<group>"; };
		116ED3AC1DC88EF5003F2BB2 /* PGOrderDetailController.h */ = {isa = PBXFileReference; fileEncoding = 4; lastKnownFileType = sourcecode.c.h; path = PGOrderDetailController.h; sourceTree = "<group>"; };
		116ED3AD1DC88EF5003F2BB2 /* PGOrderDetailController.m */ = {isa = PBXFileReference; fileEncoding = 4; lastKnownFileType = sourcecode.c.objc; path = PGOrderDetailController.m; sourceTree = "<group>"; };
		116ED3AE1DC88EF5003F2BB2 /* PGOrderTallyController.h */ = {isa = PBXFileReference; fileEncoding = 4; lastKnownFileType = sourcecode.c.h; path = PGOrderTallyController.h; sourceTree = "<group>"; };
		116ED3AF1DC88EF5003F2BB2 /* PGOrderTallyController.m */ = {isa = PBXFileReference; fileEncoding = 4; lastKnownFileType = sourcecode.c.objc; path = PGOrderTallyController.m; sourceTree = "<group>"; };
		116ED3B01DC88EF5003F2BB2 /* PGPayController.h */ = {isa = PBXFileReference; fileEncoding = 4; lastKnownFileType = sourcecode.c.h; path = PGPayController.h; sourceTree = "<group>"; };
		116ED3B11DC88EF5003F2BB2 /* PGPayController.m */ = {isa = PBXFileReference; fileEncoding = 4; lastKnownFileType = sourcecode.c.objc; path = PGPayController.m; sourceTree = "<group>"; };
		116ED3B21DC88EF5003F2BB2 /* PGRefreshController.h */ = {isa = PBXFileReference; fileEncoding = 4; lastKnownFileType = sourcecode.c.h; path = PGRefreshController.h; sourceTree = "<group>"; };
		116ED3B31DC88EF5003F2BB2 /* PGRefreshController.m */ = {isa = PBXFileReference; fileEncoding = 4; lastKnownFileType = sourcecode.c.objc; path = PGRefreshController.m; sourceTree = "<group>"; };
		ACF69EC83EB3AFC6A3584BC9 /* libPods-PGFrame.a */ = {isa = PBXFileReference; explicitFileType = archive.ar; includeInIndex = 0; path = "libPods-PGFrame.a"; sourceTree = BUILT_PRODUCTS_DIR; };
/* End PBXFileReference section */

/* Begin PBXFrameworksBuildPhase section */
		1134A3DA1D9225C00030B728 /* Frameworks */ = {
			isa = PBXFrameworksBuildPhase;
			buildActionMask = 2147483647;
			files = (
				E819649B8D841F474E1EFC90 /* libPods-PGFrame.a in Frameworks */,
			);
			runOnlyForDeploymentPostprocessing = 0;
		};
/* End PBXFrameworksBuildPhase section */

/* Begin PBXGroup section */
		1134A3D41D9225C00030B728 = {
			isa = PBXGroup;
			children = (
				116ED2C11DC88DB6003F2BB2 /* PGFrame */,
				116ED2AC1DC88D2A003F2BB2 /* example */,
				1134A41B1D922C0A0030B728 /* panggu */,
				1134A3DE1D9225C00030B728 /* Products */,
				55A1C9DA74A7F65FD055BE87 /* Pods */,
				96BCAAE0606D6F0B5FB1058F /* Frameworks */,
			);
			sourceTree = "<group>";
		};
		1134A3DE1D9225C00030B728 /* Products */ = {
			isa = PBXGroup;
			children = (
				1134A3DD1D9225C00030B728 /* PGFrame.app */,
			);
			name = Products;
			sourceTree = "<group>";
		};
		1134A41B1D922C0A0030B728 /* panggu */ = {
			isa = PBXGroup;
			children = (
				116ED3A31DC88EF5003F2BB2 /* home */,
				116ED3B41DC88EF5003F2BB2 /* list */,
				116ED3B51DC88EF5003F2BB2 /* setting */,
			);
			path = panggu;
			sourceTree = "<group>";
		};
		116ED2AC1DC88D2A003F2BB2 /* example */ = {
			isa = PBXGroup;
			children = (
				116ED2AD1DC88D2A003F2BB2 /* AppDelegate.h */,
				116ED2AE1DC88D2A003F2BB2 /* AppDelegate.m */,
				116ED2AF1DC88D2A003F2BB2 /* Assets.xcassets */,
				116ED2B01DC88D2A003F2BB2 /* LaunchScreen.storyboard */,
				116ED2B21DC88D2A003F2BB2 /* Main.storyboard */,
				116ED2B41DC88D2A003F2BB2 /* Info.plist */,
				116ED2B51DC88D2A003F2BB2 /* main.m */,
				116ED2B61DC88D2A003F2BB2 /* nativeInteraction.html */,
				116ED2B71DC88D2A003F2BB2 /* ViewController.h */,
				116ED2B81DC88D2A003F2BB2 /* ViewController.m */,
			);
			path = example;
			sourceTree = "<group>";
		};
		116ED2C11DC88DB6003F2BB2 /* PGFrame */ = {
			isa = PBXGroup;
			children = (
				116ED2D61DC88EE6003F2BB2 /* category */,
				116ED2E91DC88EE6003F2BB2 /* controller */,
				116ED2FB1DC88EE6003F2BB2 /* image */,
				116ED30A1DC88EE6003F2BB2 /* lib */,
				116ED3191DC88EE6003F2BB2 /* logic */,
				116ED3451DC88EE6003F2BB2 /* model */,
				116ED3481DC88EE6003F2BB2 /* ui */,
			);
			path = PGFrame;
			sourceTree = "<group>";
		};
		116ED2D61DC88EE6003F2BB2 /* category */ = {
			isa = PBXGroup;
			children = (
				116ED2D71DC88EE6003F2BB2 /* NSDate+PGDateExtend.h */,
				116ED2D81DC88EE6003F2BB2 /* NSDate+PGDateExtend.m */,
				116ED2D91DC88EE6003F2BB2 /* NSDictionary+parse.h */,
				116ED2DA1DC88EE6003F2BB2 /* NSDictionary+parse.m */,
				116ED2DB1DC88EE6003F2BB2 /* NSString+encrypt.h */,
				116ED2DC1DC88EE6003F2BB2 /* NSString+encrypt.m */,
				116ED2DD1DC88EE6003F2BB2 /* NSString+json.h */,
				116ED2DE1DC88EE6003F2BB2 /* NSString+json.m */,
				116ED2DF1DC88EE6003F2BB2 /* NSString+ruleCheck.h */,
				116ED2E01DC88EE6003F2BB2 /* NSString+ruleCheck.m */,
				116ED2E11DC88EE6003F2BB2 /* UIAlertView+action.h */,
				116ED2E21DC88EE6003F2BB2 /* UIAlertView+action.m */,
				116ED2E31DC88EE6003F2BB2 /* UIColor+darken.h */,
				116ED2E41DC88EE6003F2BB2 /* UIColor+darken.m */,
				116ED2E51DC88EE6003F2BB2 /* UIImage+PGImage.h */,
				116ED2E61DC88EE6003F2BB2 /* UIImage+PGImage.m */,
				116ED2E71DC88EE6003F2BB2 /* UIViewController+message.h */,
				116ED2E81DC88EE6003F2BB2 /* UIViewController+message.m */,
			);
			path = category;
			sourceTree = "<group>";
		};
		116ED2E91DC88EE6003F2BB2 /* controller */ = {
			isa = PBXGroup;
			children = (
				116ED2EA1DC88EE6003F2BB2 /* jsWeb */,
				116ED2EF1DC88EE6003F2BB2 /* PGBaseController+errorView.h */,
				116ED2F01DC88EE6003F2BB2 /* PGBaseController+errorView.m */,
				116ED2F11DC88EE6003F2BB2 /* PGBaseController+pay.h */,
				116ED2F21DC88EE6003F2BB2 /* PGBaseController+pay.m */,
				116ED2F31DC88EE6003F2BB2 /* PGBaseController.h */,
				116ED2F41DC88EE6003F2BB2 /* PGBaseController.m */,
				116ED2F51DC88EE6003F2BB2 /* PGNavigationController.h */,
				116ED2F61DC88EE6003F2BB2 /* PGNavigationController.m */,
				116ED2F71DC88EE6003F2BB2 /* PGTableBaseController.h */,
				116ED2F81DC88EE6003F2BB2 /* PGTableBaseController.m */,
				116ED2F91DC88EE6003F2BB2 /* PGWebBaseController.h */,
				116ED2FA1DC88EE6003F2BB2 /* PGWebBaseController.m */,
			);
			path = controller;
			sourceTree = "<group>";
		};
		116ED2EA1DC88EE6003F2BB2 /* jsWeb */ = {
			isa = PBXGroup;
			children = (
				116ED2EB1DC88EE6003F2BB2 /* PGJSBaseController.h */,
				116ED2EC1DC88EE6003F2BB2 /* PGJSBaseController.m */,
				116ED2ED1DC88EE6003F2BB2 /* PGJSObject.h */,
				116ED2EE1DC88EE6003F2BB2 /* PGJSObject.m */,
			);
			path = jsWeb;
			sourceTree = "<group>";
		};
		116ED2FB1DC88EE6003F2BB2 /* image */ = {
			isa = PBXGroup;
			children = (
				116ED2FC1DC88EE6003F2BB2 /* data_no@3x.png */,
				116ED2FD1DC88EE6003F2BB2 /* icon_close@3x.png */,
				116ED2FE1DC88EE6003F2BB2 /* icon_del_lab@3x.png */,
				116ED2FF1DC88EE6003F2BB2 /* icon_return@3x.png */,
				116ED3001DC88EE6003F2BB2 /* loading_logo@3x.png */,
				116ED3011DC88EE6003F2BB2 /* loading_round@3x.png */,
				116ED3021DC88EE6003F2BB2 /* menber_1@3x.png */,
				116ED3031DC88EE6003F2BB2 /* menber_2@3x.png */,
				116ED3041DC88EE6003F2BB2 /* menber_top1@3x.png */,
				116ED3051DC88EE6003F2BB2 /* menber_top2@3x.png */,
				116ED3061DC88EE6003F2BB2 /* menber_top3@3x.png */,
				116ED3071DC88EE6003F2BB2 /* menber_top4@3x.png */,
				116ED3081DC88EE6003F2BB2 /* no_net@3x.png */,
				116ED3091DC88EE6003F2BB2 /* refreshRatate@3x.png */,
			);
			path = image;
			sourceTree = "<group>";
		};
		116ED30A1DC88EE6003F2BB2 /* lib */ = {
			isa = PBXGroup;
			children = (
				116ED30B1DC88EE6003F2BB2 /* JSPatch */,
				116ED30F1DC88EE6003F2BB2 /* PGAnimationSequence */,
				116ED3161DC88EE6003F2BB2 /* Reachability */,
			);
			path = lib;
			sourceTree = "<group>";
		};
		116ED30B1DC88EE6003F2BB2 /* JSPatch */ = {
			isa = PBXGroup;
			children = (
				116ED30C1DC88EE6003F2BB2 /* JPEngine.h */,
				116ED30D1DC88EE6003F2BB2 /* JPEngine.m */,
				116ED30E1DC88EE6003F2BB2 /* JSPatch.js */,
			);
			path = JSPatch;
			sourceTree = "<group>";
		};
		116ED30F1DC88EE6003F2BB2 /* PGAnimationSequence */ = {
			isa = PBXGroup;
			children = (
				116ED3101DC88EE6003F2BB2 /* PGAnimationGroup.h */,
				116ED3111DC88EE6003F2BB2 /* PGAnimationGroup.m */,
				116ED3121DC88EE6003F2BB2 /* PGAnimationItem.h */,
				116ED3131DC88EE6003F2BB2 /* PGAnimationItem.m */,
				116ED3141DC88EE6003F2BB2 /* PGAnimationSequence.h */,
				116ED3151DC88EE6003F2BB2 /* PGAnimationSequence.m */,
			);
			path = PGAnimationSequence;
			sourceTree = "<group>";
		};
		116ED3161DC88EE6003F2BB2 /* Reachability */ = {
			isa = PBXGroup;
			children = (
				116ED3171DC88EE6003F2BB2 /* Reachability.h */,
				116ED3181DC88EE6003F2BB2 /* Reachability.m */,
			);
			path = Reachability;
			sourceTree = "<group>";
		};
		116ED3191DC88EE6003F2BB2 /* logic */ = {
			isa = PBXGroup;
			children = (
				116ED31A1DC88EE6003F2BB2 /* netRequest */,
				116ED3271DC88EE6003F2BB2 /* patch */,
				116ED32C1DC88EE6003F2BB2 /* PGApp.h */,
				116ED32D1DC88EE6003F2BB2 /* PGApp.m */,
				116ED32E1DC88EE6003F2BB2 /* PGCacheManager.h */,
				116ED32F1DC88EE6003F2BB2 /* PGCacheManager.m */,
				116ED3301DC88EE6003F2BB2 /* PGConfig.h */,
				116ED3311DC88EE6003F2BB2 /* PGContext.h */,
				116ED3321DC88EE6003F2BB2 /* PGContext.m */,
				116ED3331DC88EE6003F2BB2 /* PGErrorCode.h */,
				116ED3341DC88EE6003F2BB2 /* PGMacroDefHeader.h */,
				116ED3351DC88EE6003F2BB2 /* PGPayManager.h */,
				116ED3361DC88EE6003F2BB2 /* PGPayManager.m */,
				116ED3371DC88EE6003F2BB2 /* PGTableDataSource.h */,
				116ED3381DC88EE6003F2BB2 /* PGTableDataSource.m */,
				116ED3391DC88EE6003F2BB2 /* PGUIKitUtil.h */,
				116ED33A1DC88EE6003F2BB2 /* PGUIKitUtil.m */,
				116ED33B1DC88EE6003F2BB2 /* pushMsg */,
				116ED3401DC88EE6003F2BB2 /* version */,
			);
			path = logic;
			sourceTree = "<group>";
		};
		116ED31A1DC88EE6003F2BB2 /* netRequest */ = {
			isa = PBXGroup;
			children = (
				116ED31B1DC88EE6003F2BB2 /* PGAPI.h */,
				116ED31C1DC88EE6003F2BB2 /* PGAPI.m */,
				116ED31D1DC88EE6003F2BB2 /* PGDataParseManager.h */,
				116ED31E1DC88EE6003F2BB2 /* PGDataParseManager.m */,
				116ED31F1DC88EE6003F2BB2 /* PGEncrypt.h */,
				116ED3201DC88EE6003F2BB2 /* PGEncrypt.m */,
				116ED3211DC88EE6003F2BB2 /* PGHttpClient.h */,
				116ED3221DC88EE6003F2BB2 /* PGHttpClient.m */,
				116ED3231DC88EE6003F2BB2 /* PGRequestManager.h */,
				116ED3241DC88EE6003F2BB2 /* PGRequestManager.m */,
				116ED3251DC88EE6003F2BB2 /* PGResultObject.h */,
				116ED3261DC88EE6003F2BB2 /* PGResultObject.m */,
			);
			path = netRequest;
			sourceTree = "<group>";
		};
		116ED3271DC88EE6003F2BB2 /* patch */ = {
			isa = PBXGroup;
			children = (
				116ED3281DC88EE6003F2BB2 /* PGPatchManager.h */,
				116ED3291DC88EE6003F2BB2 /* PGPatchManager.m */,
				116ED32A1DC88EE6003F2BB2 /* PGPatchObject.h */,
				116ED32B1DC88EE6003F2BB2 /* PGPatchObject.m */,
			);
			path = patch;
			sourceTree = "<group>";
		};
		116ED33B1DC88EE6003F2BB2 /* pushMsg */ = {
			isa = PBXGroup;
			children = (
				116ED33C1DC88EE6003F2BB2 /* PGApnsManager.h */,
				116ED33D1DC88EE6003F2BB2 /* PGApnsManager.m */,
				116ED33E1DC88EE6003F2BB2 /* PGMessageObject.h */,
				116ED33F1DC88EE6003F2BB2 /* PGMessageObject.m */,
			);
			path = pushMsg;
			sourceTree = "<group>";
		};
		116ED3401DC88EE6003F2BB2 /* version */ = {
			isa = PBXGroup;
			children = (
				116ED3411DC88EE6003F2BB2 /* PGVersionManager.h */,
				116ED3421DC88EE6003F2BB2 /* PGVersionManager.m */,
				116ED3431DC88EE6003F2BB2 /* PGVersionObject.h */,
				116ED3441DC88EE6003F2BB2 /* PGVersionObject.m */,
			);
			path = version;
			sourceTree = "<group>";
		};
		116ED3451DC88EE6003F2BB2 /* model */ = {
			isa = PBXGroup;
			children = (
				116ED3461DC88EE6003F2BB2 /* PGBaseObj.h */,
				116ED3471DC88EE6003F2BB2 /* PGBaseObj.m */,
			);
			path = model;
			sourceTree = "<group>";
		};
		116ED3481DC88EE6003F2BB2 /* ui */ = {
			isa = PBXGroup;
			children = (
				116ED3491DC88EE6003F2BB2 /* popupView */,
				116ED34E1DC88EE6003F2BB2 /* refresh */,
				116ED3591DC88EE6003F2BB2 /* tableCell */,
				116ED35A1DC88EE6003F2BB2 /* waitingView */,
			);
			path = ui;
			sourceTree = "<group>";
		};
		116ED3491DC88EE6003F2BB2 /* popupView */ = {
			isa = PBXGroup;
			children = (
				116ED34A1DC88EE6003F2BB2 /* PGPaySheetView.h */,
				116ED34B1DC88EE6003F2BB2 /* PGPaySheetView.m */,
				116ED34C1DC88EE6003F2BB2 /* PGPopupView.h */,
				116ED34D1DC88EE6003F2BB2 /* PGPopupView.m */,
			);
			path = popupView;
			sourceTree = "<group>";
		};
		116ED34E1DC88EE6003F2BB2 /* refresh */ = {
			isa = PBXGroup;
			children = (
				116ED34F1DC88EE6003F2BB2 /* PGBaseMoreView.h */,
				116ED3501DC88EE6003F2BB2 /* PGBaseMoreView.m */,
				116ED3511DC88EE6003F2BB2 /* PGBaseRefreshView.h */,
				116ED3521DC88EE6003F2BB2 /* PGBaseRefreshView.m */,
				116ED3531DC88EE6003F2BB2 /* PGRefreshRotate.h */,
				116ED3541DC88EE6003F2BB2 /* PGRefreshRotate.m */,
				116ED3551DC88EE6003F2BB2 /* PGSimpleMoreView.h */,
				116ED3561DC88EE6003F2BB2 /* PGSimpleMoreView.m */,
				116ED3571DC88EE6003F2BB2 /* UIScrollView+refresh.h */,
				116ED3581DC88EE6003F2BB2 /* UIScrollView+refresh.m */,
			);
			path = refresh;
			sourceTree = "<group>";
		};
		116ED3591DC88EE6003F2BB2 /* tableCell */ = {
			isa = PBXGroup;
			children = (
			);
			path = tableCell;
			sourceTree = "<group>";
		};
		116ED35A1DC88EE6003F2BB2 /* waitingView */ = {
			isa = PBXGroup;
			children = (
				116ED35B1DC88EE6003F2BB2 /* PGCustomWaitingView.h */,
				116ED35C1DC88EE6003F2BB2 /* PGCustomWaitingView.m */,
				116ED35D1DC88EE6003F2BB2 /* PGRotaionWaitingView.h */,
				116ED35E1DC88EE6003F2BB2 /* PGRotaionWaitingView.m */,
				116ED35F1DC88EE6003F2BB2 /* PGWaitingView.h */,
				116ED3601DC88EE6003F2BB2 /* PGWaitingView.m */,
			);
			path = waitingView;
			sourceTree = "<group>";
		};
		116ED3A31DC88EF5003F2BB2 /* home */ = {
			isa = PBXGroup;
			children = (
				116ED3A41DC88EF5003F2BB2 /* PGH5JsController.h */,
				116ED3A51DC88EF5003F2BB2 /* PGH5JsController.m */,
				116ED3A61DC88EF5003F2BB2 /* PGHomeController.h */,
				116ED3A71DC88EF5003F2BB2 /* PGHomeController.m */,
				116ED3A81DC88EF5003F2BB2 /* PGMsgAndErrorController.h */,
				116ED3A91DC88EF5003F2BB2 /* PGMsgAndErrorController.m */,
				116ED3AA1DC88EF5003F2BB2 /* PGNetController.h */,
				116ED3AB1DC88EF5003F2BB2 /* PGNetController.m */,
				116ED3AC1DC88EF5003F2BB2 /* PGOrderDetailController.h */,
				116ED3AD1DC88EF5003F2BB2 /* PGOrderDetailController.m */,
				116ED3AE1DC88EF5003F2BB2 /* PGOrderTallyController.h */,
				116ED3AF1DC88EF5003F2BB2 /* PGOrderTallyController.m */,
				116ED3B01DC88EF5003F2BB2 /* PGPayController.h */,
				116ED3B11DC88EF5003F2BB2 /* PGPayController.m */,
				116ED3B21DC88EF5003F2BB2 /* PGRefreshController.h */,
				116ED3B31DC88EF5003F2BB2 /* PGRefreshController.m */,
			);
			path = home;
			sourceTree = "<group>";
		};
		116ED3B41DC88EF5003F2BB2 /* list */ = {
			isa = PBXGroup;
			children = (
			);
			path = list;
			sourceTree = "<group>";
		};
		116ED3B51DC88EF5003F2BB2 /* setting */ = {
			isa = PBXGroup;
			children = (
			);
			path = setting;
			sourceTree = "<group>";
		};
		55A1C9DA74A7F65FD055BE87 /* Pods */ = {
			isa = PBXGroup;
			children = (
				09AEF4ADA982D24319A1CC0C /* Pods-PGFrame.debug.xcconfig */,
				0654A0A7635C9105FA3DC127 /* Pods-PGFrame.release.xcconfig */,
			);
			name = Pods;
			sourceTree = "<group>";
		};
		96BCAAE0606D6F0B5FB1058F /* Frameworks */ = {
			isa = PBXGroup;
			children = (
				ACF69EC83EB3AFC6A3584BC9 /* libPods-PGFrame.a */,
			);
			name = Frameworks;
			sourceTree = "<group>";
		};
/* End PBXGroup section */

/* Begin PBXNativeTarget section */
		1134A3DC1D9225C00030B728 /* PGFrame */ = {
			isa = PBXNativeTarget;
			buildConfigurationList = 1134A3F41D9225C00030B728 /* Build configuration list for PBXNativeTarget "PGFrame" */;
			buildPhases = (
				06411C192EF1266A8A7E29D3 /* [CP] Check Pods Manifest.lock */,
				1134A3D91D9225C00030B728 /* Sources */,
				1134A3DA1D9225C00030B728 /* Frameworks */,
				1134A3DB1D9225C00030B728 /* Resources */,
				F7B28E0B350ADEAFD21A6C8A /* [CP] Embed Pods Frameworks */,
				75D9026FFE559D64A4236484 /* [CP] Copy Pods Resources */,
			);
			buildRules = (
			);
			dependencies = (
			);
			name = PGFrame;
			productName = PGFrame;
			productReference = 1134A3DD1D9225C00030B728 /* PGFrame.app */;
			productType = "com.apple.product-type.application";
		};
/* End PBXNativeTarget section */

/* Begin PBXProject section */
		1134A3D51D9225C00030B728 /* Project object */ = {
			isa = PBXProject;
			attributes = {
				LastUpgradeCheck = 0720;
				ORGANIZATIONNAME = pangu;
				TargetAttributes = {
					1134A3DC1D9225C00030B728 = {
						CreatedOnToolsVersion = 7.2;
					};
				};
			};
			buildConfigurationList = 1134A3D81D9225C00030B728 /* Build configuration list for PBXProject "PGFrame" */;
			compatibilityVersion = "Xcode 3.2";
			developmentRegion = English;
			hasScannedForEncodings = 0;
			knownRegions = (
				en,
				Base,
			);
			mainGroup = 1134A3D41D9225C00030B728;
			productRefGroup = 1134A3DE1D9225C00030B728 /* Products */;
			projectDirPath = "";
			projectRoot = "";
			targets = (
				1134A3DC1D9225C00030B728 /* PGFrame */,
			);
		};
/* End PBXProject section */

/* Begin PBXResourcesBuildPhase section */
		1134A3DB1D9225C00030B728 /* Resources */ = {
			isa = PBXResourcesBuildPhase;
			buildActionMask = 2147483647;
			files = (
				116ED37C1DC88EE6003F2BB2 /* menber_top3@3x.png in Resources */,
				116ED3771DC88EE6003F2BB2 /* loading_round@3x.png in Resources */,
				116ED37E1DC88EE6003F2BB2 /* no_net@3x.png in Resources */,
				116ED3781DC88EE6003F2BB2 /* menber_1@3x.png in Resources */,
				116ED3731DC88EE6003F2BB2 /* icon_close@3x.png in Resources */,
				116ED37A1DC88EE6003F2BB2 /* menber_top1@3x.png in Resources */,
				116ED37B1DC88EE6003F2BB2 /* menber_top2@3x.png in Resources */,
				116ED3811DC88EE6003F2BB2 /* JSPatch.js in Resources */,
				116ED2BC1DC88D2A003F2BB2 /* Main.storyboard in Resources */,
				116ED3721DC88EE6003F2BB2 /* data_no@3x.png in Resources */,
				116ED2BF1DC88D2A003F2BB2 /* nativeInteraction.html in Resources */,
				116ED37D1DC88EE6003F2BB2 /* menber_top4@3x.png in Resources */,
				116ED3741DC88EE6003F2BB2 /* icon_del_lab@3x.png in Resources */,
				116ED3751DC88EE6003F2BB2 /* icon_return@3x.png in Resources */,
				116ED2BA1DC88D2A003F2BB2 /* Assets.xcassets in Resources */,
				116ED3761DC88EE6003F2BB2 /* loading_logo@3x.png in Resources */,
				116ED3791DC88EE6003F2BB2 /* menber_2@3x.png in Resources */,
				116ED2BB1DC88D2A003F2BB2 /* LaunchScreen.storyboard in Resources */,
				116ED37F1DC88EE6003F2BB2 /* refreshRatate@3x.png in Resources */,
			);
			runOnlyForDeploymentPostprocessing = 0;
		};
/* End PBXResourcesBuildPhase section */

/* Begin PBXShellScriptBuildPhase section */
		06411C192EF1266A8A7E29D3 /* [CP] Check Pods Manifest.lock */ = {
			isa = PBXShellScriptBuildPhase;
			buildActionMask = 2147483647;
			files = (
			);
			inputPaths = (
			);
			name = "[CP] Check Pods Manifest.lock";
			outputPaths = (
			);
			runOnlyForDeploymentPostprocessing = 0;
			shellPath = /bin/sh;
			shellScript = "diff \"${PODS_ROOT}/../Podfile.lock\" \"${PODS_ROOT}/Manifest.lock\" > /dev/null\nif [ $? != 0 ] ; then\n    # print error to STDERR\n    echo \"error: The sandbox is not in sync with the Podfile.lock. Run 'pod install' or update your CocoaPods installation.\" >&2\n    exit 1\nfi\n";
			showEnvVarsInLog = 0;
		};
		75D9026FFE559D64A4236484 /* [CP] Copy Pods Resources */ = {
			isa = PBXShellScriptBuildPhase;
			buildActionMask = 2147483647;
			files = (
			);
			inputPaths = (
			);
			name = "[CP] Copy Pods Resources";
			outputPaths = (
			);
			runOnlyForDeploymentPostprocessing = 0;
			shellPath = /bin/sh;
			shellScript = "\"${SRCROOT}/Pods/Target Support Files/Pods-PGFrame/Pods-PGFrame-resources.sh\"\n";
			showEnvVarsInLog = 0;
		};
		F7B28E0B350ADEAFD21A6C8A /* [CP] Embed Pods Frameworks */ = {
			isa = PBXShellScriptBuildPhase;
			buildActionMask = 2147483647;
			files = (
			);
			inputPaths = (
			);
			name = "[CP] Embed Pods Frameworks";
			outputPaths = (
			);
			runOnlyForDeploymentPostprocessing = 0;
			shellPath = /bin/sh;
			shellScript = "\"${SRCROOT}/Pods/Target Support Files/Pods-PGFrame/Pods-PGFrame-frameworks.sh\"\n";
			showEnvVarsInLog = 0;
		};
/* End PBXShellScriptBuildPhase section */

/* Begin PBXSourcesBuildPhase section */
		1134A3D91D9225C00030B728 /* Sources */ = {
			isa = PBXSourcesBuildPhase;
			buildActionMask = 2147483647;
			files = (
				116ED3701DC88EE6003F2BB2 /* PGTableBaseController.m in Sources */,
				116ED3921DC88EE6003F2BB2 /* PGTableDataSource.m in Sources */,
				116ED3BD1DC88EF5003F2BB2 /* PGRefreshController.m in Sources */,
				116ED3821DC88EE6003F2BB2 /* PGAnimationGroup.m in Sources */,
				116ED3911DC88EE6003F2BB2 /* PGPayManager.m in Sources */,
				116ED39F1DC88EE6003F2BB2 /* UIScrollView+refresh.m in Sources */,
				116ED3A01DC88EE6003F2BB2 /* PGCustomWaitingView.m in Sources */,
				116ED3681DC88EE6003F2BB2 /* UIImage+PGImage.m in Sources */,
				116ED2BE1DC88D2A003F2BB2 /* main.m in Sources */,
				116ED3861DC88EE6003F2BB2 /* PGAPI.m in Sources */,
				116ED3901DC88EE6003F2BB2 /* PGContext.m in Sources */,
				116ED3851DC88EE6003F2BB2 /* Reachability.m in Sources */,
				116ED3831DC88EE6003F2BB2 /* PGAnimationItem.m in Sources */,
				116ED39D1DC88EE6003F2BB2 /* PGRefreshRotate.m in Sources */,
				116ED3B61DC88EF5003F2BB2 /* PGH5JsController.m in Sources */,
				116ED38F1DC88EE6003F2BB2 /* PGCacheManager.m in Sources */,
				116ED3B81DC88EF5003F2BB2 /* PGMsgAndErrorController.m in Sources */,
				116ED3961DC88EE6003F2BB2 /* PGVersionManager.m in Sources */,
				116ED3931DC88EE6003F2BB2 /* PGUIKitUtil.m in Sources */,
				116ED3841DC88EE6003F2BB2 /* PGAnimationSequence.m in Sources */,
				116ED39B1DC88EE6003F2BB2 /* PGBaseMoreView.m in Sources */,
				116ED3BB1DC88EF5003F2BB2 /* PGOrderTallyController.m in Sources */,
				116ED3671DC88EE6003F2BB2 /* UIColor+darken.m in Sources */,
				116ED3801DC88EE6003F2BB2 /* JPEngine.m in Sources */,
				116ED2C01DC88D2A003F2BB2 /* ViewController.m in Sources */,
				116ED3651DC88EE6003F2BB2 /* NSString+ruleCheck.m in Sources */,
				116ED39A1DC88EE6003F2BB2 /* PGPopupView.m in Sources */,
				116ED2B91DC88D2A003F2BB2 /* AppDelegate.m in Sources */,
				116ED3951DC88EE6003F2BB2 /* PGMessageObject.m in Sources */,
				116ED36E1DC88EE6003F2BB2 /* PGBaseController.m in Sources */,
				116ED36B1DC88EE6003F2BB2 /* PGJSObject.m in Sources */,
				116ED3981DC88EE6003F2BB2 /* PGBaseObj.m in Sources */,
				116ED3641DC88EE6003F2BB2 /* NSString+json.m in Sources */,
				116ED3891DC88EE6003F2BB2 /* PGHttpClient.m in Sources */,
				116ED3B71DC88EF5003F2BB2 /* PGHomeController.m in Sources */,
				116ED3A21DC88EE6003F2BB2 /* PGWaitingView.m in Sources */,
				116ED39C1DC88EE6003F2BB2 /* PGBaseRefreshView.m in Sources */,
				116ED38A1DC88EE6003F2BB2 /* PGRequestManager.m in Sources */,
				116ED3631DC88EE6003F2BB2 /* NSString+encrypt.m in Sources */,
				116ED3881DC88EE6003F2BB2 /* PGEncrypt.m in Sources */,
				116ED38D1DC88EE6003F2BB2 /* PGPatchObject.m in Sources */,
				116ED38B1DC88EE6003F2BB2 /* PGResultObject.m in Sources */,
				116ED3BA1DC88EF5003F2BB2 /* PGOrderDetailController.m in Sources */,
				116ED38E1DC88EE6003F2BB2 /* PGApp.m in Sources */,
				116ED3971DC88EE6003F2BB2 /* PGVersionObject.m in Sources */,
				116ED3611DC88EE6003F2BB2 /* NSDate+PGDateExtend.m in Sources */,
				116ED3991DC88EE6003F2BB2 /* PGPaySheetView.m in Sources */,
				116ED3871DC88EE6003F2BB2 /* PGDataParseManager.m in Sources */,
				116ED36D1DC88EE6003F2BB2 /* PGBaseController+pay.m in Sources */,
				116ED3621DC88EE6003F2BB2 /* NSDictionary+parse.m in Sources */,
				116ED39E1DC88EE6003F2BB2 /* PGSimpleMoreView.m in Sources */,
				116ED3941DC88EE6003F2BB2 /* PGApnsManager.m in Sources */,
				116ED36F1DC88EE6003F2BB2 /* PGNavigationController.m in Sources */,
				116ED3661DC88EE6003F2BB2 /* UIAlertView+action.m in Sources */,
				116ED3A11DC88EE6003F2BB2 /* PGRotaionWaitingView.m in Sources */,
				116ED3BC1DC88EF5003F2BB2 /* PGPayController.m in Sources */,
				116ED3711DC88EE6003F2BB2 /* PGWebBaseController.m in Sources */,
				116ED36C1DC88EE6003F2BB2 /* PGBaseController+errorView.m in Sources */,
				116ED3691DC88EE6003F2BB2 /* UIViewController+message.m in Sources */,
				116ED38C1DC88EE6003F2BB2 /* PGPatchManager.m in Sources */,
				116ED36A1DC88EE6003F2BB2 /* PGJSBaseController.m in Sources */,
				116ED3B91DC88EF5003F2BB2 /* PGNetController.m in Sources */,
			);
			runOnlyForDeploymentPostprocessing = 0;
		};
/* End PBXSourcesBuildPhase section */

/* Begin PBXVariantGroup section */
		116ED2B01DC88D2A003F2BB2 /* LaunchScreen.storyboard */ = {
			isa = PBXVariantGroup;
			children = (
				116ED2B11DC88D2A003F2BB2 /* Base */,
			);
			name = LaunchScreen.storyboard;
			sourceTree = "<group>";
		};
		116ED2B21DC88D2A003F2BB2 /* Main.storyboard */ = {
			isa = PBXVariantGroup;
			children = (
				116ED2B31DC88D2A003F2BB2 /* Base */,
			);
			name = Main.storyboard;
			sourceTree = "<group>";
		};
/* End PBXVariantGroup section */

/* Begin XCBuildConfiguration section */
		1134A3F21D9225C00030B728 /* Debug */ = {
			isa = XCBuildConfiguration;
			buildSettings = {
				ALWAYS_SEARCH_USER_PATHS = NO;
				CLANG_CXX_LANGUAGE_STANDARD = "gnu++0x";
				CLANG_CXX_LIBRARY = "libc++";
				CLANG_ENABLE_MODULES = YES;
				CLANG_ENABLE_OBJC_ARC = YES;
				CLANG_WARN_BOOL_CONVERSION = YES;
				CLANG_WARN_CONSTANT_CONVERSION = YES;
				CLANG_WARN_DIRECT_OBJC_ISA_USAGE = YES_ERROR;
				CLANG_WARN_EMPTY_BODY = YES;
				CLANG_WARN_ENUM_CONVERSION = YES;
				CLANG_WARN_INT_CONVERSION = YES;
				CLANG_WARN_OBJC_ROOT_CLASS = YES_ERROR;
				CLANG_WARN_UNREACHABLE_CODE = YES;
				CLANG_WARN__DUPLICATE_METHOD_MATCH = YES;
				"CODE_SIGN_IDENTITY[sdk=iphoneos*]" = "iPhone Developer";
				COPY_PHASE_STRIP = NO;
				DEBUG_INFORMATION_FORMAT = dwarf;
				ENABLE_STRICT_OBJC_MSGSEND = YES;
				ENABLE_TESTABILITY = YES;
				GCC_C_LANGUAGE_STANDARD = gnu99;
				GCC_DYNAMIC_NO_PIC = NO;
				GCC_NO_COMMON_BLOCKS = YES;
				GCC_OPTIMIZATION_LEVEL = 0;
				GCC_PREPROCESSOR_DEFINITIONS = (
					"DEBUG=1",
					"$(inherited)",
				);
				GCC_WARN_64_TO_32_BIT_CONVERSION = YES;
				GCC_WARN_ABOUT_RETURN_TYPE = YES_ERROR;
				GCC_WARN_UNDECLARED_SELECTOR = YES;
				GCC_WARN_UNINITIALIZED_AUTOS = YES_AGGRESSIVE;
				GCC_WARN_UNUSED_FUNCTION = YES;
				GCC_WARN_UNUSED_VARIABLE = YES;
				IPHONEOS_DEPLOYMENT_TARGET = 9.2;
				MTL_ENABLE_DEBUG_INFO = YES;
				ONLY_ACTIVE_ARCH = YES;
				SDKROOT = iphoneos;
			};
			name = Debug;
		};
		1134A3F31D9225C00030B728 /* Release */ = {
			isa = XCBuildConfiguration;
			buildSettings = {
				ALWAYS_SEARCH_USER_PATHS = NO;
				CLANG_CXX_LANGUAGE_STANDARD = "gnu++0x";
				CLANG_CXX_LIBRARY = "libc++";
				CLANG_ENABLE_MODULES = YES;
				CLANG_ENABLE_OBJC_ARC = YES;
				CLANG_WARN_BOOL_CONVERSION = YES;
				CLANG_WARN_CONSTANT_CONVERSION = YES;
				CLANG_WARN_DIRECT_OBJC_ISA_USAGE = YES_ERROR;
				CLANG_WARN_EMPTY_BODY = YES;
				CLANG_WARN_ENUM_CONVERSION = YES;
				CLANG_WARN_INT_CONVERSION = YES;
				CLANG_WARN_OBJC_ROOT_CLASS = YES_ERROR;
				CLANG_WARN_UNREACHABLE_CODE = YES;
				CLANG_WARN__DUPLICATE_METHOD_MATCH = YES;
				"CODE_SIGN_IDENTITY[sdk=iphoneos*]" = "iPhone Developer";
				COPY_PHASE_STRIP = NO;
				DEBUG_INFORMATION_FORMAT = "dwarf-with-dsym";
				ENABLE_NS_ASSERTIONS = NO;
				ENABLE_STRICT_OBJC_MSGSEND = YES;
				GCC_C_LANGUAGE_STANDARD = gnu99;
				GCC_NO_COMMON_BLOCKS = YES;
				GCC_WARN_64_TO_32_BIT_CONVERSION = YES;
				GCC_WARN_ABOUT_RETURN_TYPE = YES_ERROR;
				GCC_WARN_UNDECLARED_SELECTOR = YES;
				GCC_WARN_UNINITIALIZED_AUTOS = YES_AGGRESSIVE;
				GCC_WARN_UNUSED_FUNCTION = YES;
				GCC_WARN_UNUSED_VARIABLE = YES;
				IPHONEOS_DEPLOYMENT_TARGET = 9.2;
				MTL_ENABLE_DEBUG_INFO = NO;
				SDKROOT = iphoneos;
				VALIDATE_PRODUCT = YES;
			};
			name = Release;
		};
		1134A3F51D9225C00030B728 /* Debug */ = {
			isa = XCBuildConfiguration;
			baseConfigurationReference = 09AEF4ADA982D24319A1CC0C /* Pods-PGFrame.debug.xcconfig */;
			buildSettings = {
				ASSETCATALOG_COMPILER_APPICON_NAME = AppIcon;
				ASSETCATALOG_COMPILER_LAUNCHIMAGE_NAME = "Brand Assets";
				INFOPLIST_FILE = example/Info.plist;
				IPHONEOS_DEPLOYMENT_TARGET = 8.0;
				LD_RUNPATH_SEARCH_PATHS = "$(inherited) @executable_path/Frameworks";
				PRODUCT_BUNDLE_IDENTIFIER = com.pangu.PGFrame;
				PRODUCT_NAME = "$(TARGET_NAME)";
			};
			name = Debug;
		};
		1134A3F61D9225C00030B728 /* Release */ = {
			isa = XCBuildConfiguration;
			baseConfigurationReference = 0654A0A7635C9105FA3DC127 /* Pods-PGFrame.release.xcconfig */;
			buildSettings = {
				ASSETCATALOG_COMPILER_APPICON_NAME = AppIcon;
				ASSETCATALOG_COMPILER_LAUNCHIMAGE_NAME = "Brand Assets";
				INFOPLIST_FILE = example/Info.plist;
				IPHONEOS_DEPLOYMENT_TARGET = 8.0;
				LD_RUNPATH_SEARCH_PATHS = "$(inherited) @executable_path/Frameworks";
				PRODUCT_BUNDLE_IDENTIFIER = com.pangu.PGFrame;
				PRODUCT_NAME = "$(TARGET_NAME)";
			};
			name = Release;
		};
/* End XCBuildConfiguration section */

/* Begin XCConfigurationList section */
		1134A3D81D9225C00030B728 /* Build configuration list for PBXProject "PGFrame" */ = {
			isa = XCConfigurationList;
			buildConfigurations = (
				1134A3F21D9225C00030B728 /* Debug */,
				1134A3F31D9225C00030B728 /* Release */,
			);
			defaultConfigurationIsVisible = 0;
			defaultConfigurationName = Release;
		};
		1134A3F41D9225C00030B728 /* Build configuration list for PBXNativeTarget "PGFrame" */ = {
			isa = XCConfigurationList;
			buildConfigurations = (
				1134A3F51D9225C00030B728 /* Debug */,
				1134A3F61D9225C00030B728 /* Release */,
			);
			defaultConfigurationIsVisible = 0;
			defaultConfigurationName = Release;
		};
/* End XCConfigurationList section */
	};
	rootObject = 1134A3D51D9225C00030B728 /* Project object */;
}
